// !$*UTF8*$!
{
	archiveVersion = 1;
	classes = {
	};
	objectVersion = 56;
	objects = {

/* Begin PBXBuildFile section */
		4402A1C02CAB292100CCE9D8 /* ScheduleDataSource.swift in Sources */ = {isa = PBXBuildFile; fileRef = 4402A1BF2CAB292100CCE9D8 /* ScheduleDataSource.swift */; };
		44030B0B2D08C9D600A0FABF /* AppSettingsViewModelAssembly.swift in Sources */ = {isa = PBXBuildFile; fileRef = 44030B0A2D08C9D600A0FABF /* AppSettingsViewModelAssembly.swift */; };
		44030B0D2D08CBC200A0FABF /* AppSettingsCellConfiguration.swift in Sources */ = {isa = PBXBuildFile; fileRef = 44030B0C2D08CBC200A0FABF /* AppSettingsCellConfiguration.swift */; };
		44030B0F2D08D61900A0FABF /* AppSettingsViewModelProtocol.swift in Sources */ = {isa = PBXBuildFile; fileRef = 44030B0E2D08D61900A0FABF /* AppSettingsViewModelProtocol.swift */; };
		440549E52BC5D7E400077C61 /* Strings.swift in Sources */ = {isa = PBXBuildFile; fileRef = 440549E42BC5D7E400077C61 /* Strings.swift */; };
		440549EE2BC5DDBA00077C61 /* Localizable.strings in Resources */ = {isa = PBXBuildFile; fileRef = 440549EC2BC5DDBA00077C61 /* Localizable.strings */; };
		440770FD2BBB472900AD9C98 /* Colors.swift in Sources */ = {isa = PBXBuildFile; fileRef = 440770FC2BBB472900AD9C98 /* Colors.swift */; };
		44079C6B2CD163BA006D3A3D /* SelectTaskModeView.swift in Sources */ = {isa = PBXBuildFile; fileRef = 44079C6A2CD163BA006D3A3D /* SelectTaskModeView.swift */; };
		44079C6E2CD169C5006D3A3D /* CalendarView.swift in Sources */ = {isa = PBXBuildFile; fileRef = 44079C6D2CD169C5006D3A3D /* CalendarView.swift */; };
		4407C0B82D31A85E00780990 /* ConfirmButton.swift in Sources */ = {isa = PBXBuildFile; fileRef = 4407C0B72D31A85E00780990 /* ConfirmButton.swift */; };
		4407C0BA2D31B5C700780990 /* AppearanceViewModelAssembly.swift in Sources */ = {isa = PBXBuildFile; fileRef = 4407C0B92D31B5C700780990 /* AppearanceViewModelAssembly.swift */; };
		4407E7CC2CD5317800CC1692 /* ScheduleRepositoryProtocol.swift in Sources */ = {isa = PBXBuildFile; fileRef = 4407E7CB2CD5317800CC1692 /* ScheduleRepositoryProtocol.swift */; };
		4407E7D02CD5382900CC1692 /* ScheduleUseCaseProtocol.swift in Sources */ = {isa = PBXBuildFile; fileRef = 4407E7CF2CD5382900CC1692 /* ScheduleUseCaseProtocol.swift */; };
		4407E7D22CD53BC400CC1692 /* WeeklerAppDIContainer.swift in Sources */ = {isa = PBXBuildFile; fileRef = 4407E7D12CD53BC400CC1692 /* WeeklerAppDIContainer.swift */; };
		4407E7D42CD5415C00CC1692 /* SceneFactoryDIContainer.swift in Sources */ = {isa = PBXBuildFile; fileRef = 4407E7D32CD5415C00CC1692 /* SceneFactoryDIContainer.swift */; };
		440B2DD12CDBEF5700BA728B /* ScheduleDataSourceProtocol.swift in Sources */ = {isa = PBXBuildFile; fileRef = 440B2DD02CDBEF5700BA728B /* ScheduleDataSourceProtocol.swift */; };
		440B2DD42CDBF07400BA728B /* TaskToEdit.swift in Sources */ = {isa = PBXBuildFile; fileRef = 440B2DD32CDBF07400BA728B /* TaskToEdit.swift */; };
		440B2DD62CDBF93100BA728B /* ScheduleDataSourceAssembly.swift in Sources */ = {isa = PBXBuildFile; fileRef = 440B2DD52CDBF93100BA728B /* ScheduleDataSourceAssembly.swift */; };
		440CF1F72C73CAE600FEFDE0 /* Date+extension.swift in Sources */ = {isa = PBXBuildFile; fileRef = 440CF1F62C73CAE600FEFDE0 /* Date+extension.swift */; };
		4412BFB72D36EEBF000E931F /* ScheduleDate.swift in Sources */ = {isa = PBXBuildFile; fileRef = 4412BFB62D36EEBF000E931F /* ScheduleDate.swift */; };
		4415A1E72CEFBD390065B142 /* Calendar+extension.swift in Sources */ = {isa = PBXBuildFile; fileRef = 4415A1E62CEFBD390065B142 /* Calendar+extension.swift */; };
		4418D5CC2D0B7487003664E6 /* GeneralSettingsViewController.swift in Sources */ = {isa = PBXBuildFile; fileRef = 4418D5CB2D0B7487003664E6 /* GeneralSettingsViewController.swift */; };
		4418D5CE2D0B74F0003664E6 /* NotificationSettingsViewController.swift in Sources */ = {isa = PBXBuildFile; fileRef = 4418D5CD2D0B74F0003664E6 /* NotificationSettingsViewController.swift */; };
		4418D5D02D0B7512003664E6 /* AppearanceSettingsViewController.swift in Sources */ = {isa = PBXBuildFile; fileRef = 4418D5CF2D0B7512003664E6 /* AppearanceSettingsViewController.swift */; };
		4418D5D22D0B7544003664E6 /* DateSettingsViewController.swift in Sources */ = {isa = PBXBuildFile; fileRef = 4418D5D12D0B7544003664E6 /* DateSettingsViewController.swift */; };
		4418D5D42D0B7564003664E6 /* HelpViewController.swift in Sources */ = {isa = PBXBuildFile; fileRef = 4418D5D32D0B7564003664E6 /* HelpViewController.swift */; };
		4418D5D62D0B7586003664E6 /* AboutViewController.swift in Sources */ = {isa = PBXBuildFile; fileRef = 4418D5D52D0B7586003664E6 /* AboutViewController.swift */; };
		4418D5D82D0B7707003664E6 /* GeneralSettingsViewAssembly.swift in Sources */ = {isa = PBXBuildFile; fileRef = 4418D5D72D0B7707003664E6 /* GeneralSettingsViewAssembly.swift */; };
		4418D5DA2D0B77B5003664E6 /* NotificationSettingsViewAssembly.swift in Sources */ = {isa = PBXBuildFile; fileRef = 4418D5D92D0B77B5003664E6 /* NotificationSettingsViewAssembly.swift */; };
		4418D5DC2D0B77FA003664E6 /* AppearanceSettingsViewAssembly.swift in Sources */ = {isa = PBXBuildFile; fileRef = 4418D5DB2D0B77FA003664E6 /* AppearanceSettingsViewAssembly.swift */; };
		4418D5DE2D0B781D003664E6 /* DateSettingsViewAssembly.swift in Sources */ = {isa = PBXBuildFile; fileRef = 4418D5DD2D0B781D003664E6 /* DateSettingsViewAssembly.swift */; };
		4418D5E02D0B7845003664E6 /* HelpViewAssembly.swift in Sources */ = {isa = PBXBuildFile; fileRef = 4418D5DF2D0B7845003664E6 /* HelpViewAssembly.swift */; };
		4418D5E22D0B7870003664E6 /* AboutViewAssembly.swift in Sources */ = {isa = PBXBuildFile; fileRef = 4418D5E12D0B7870003664E6 /* AboutViewAssembly.swift */; };
		441CAC742CE0DB7F00064348 /* WeeklerAppCoordinator.swift in Sources */ = {isa = PBXBuildFile; fileRef = 441CAC732CE0DB7F00064348 /* WeeklerAppCoordinator.swift */; };
		441CAC772CE0E1F300064348 /* ScheduleFlowCoordinator.swift in Sources */ = {isa = PBXBuildFile; fileRef = 441CAC762CE0E1F300064348 /* ScheduleFlowCoordinator.swift */; };
		441DECAE2CC0353A00B725B7 /* Constants.swift in Sources */ = {isa = PBXBuildFile; fileRef = 441DECAD2CC0353A00B725B7 /* Constants.swift */; };
		442256822C6BE61500172C0A /* TaskItem.swift in Sources */ = {isa = PBXBuildFile; fileRef = 442256812C6BE61500172C0A /* TaskItem.swift */; };
		442256842C6BE7B300172C0A /* ScheduleUseCase.swift in Sources */ = {isa = PBXBuildFile; fileRef = 442256832C6BE7B300172C0A /* ScheduleUseCase.swift */; };
		442256862C6BE82900172C0A /* ScheduleUseCaseAssembly.swift in Sources */ = {isa = PBXBuildFile; fileRef = 442256852C6BE82900172C0A /* ScheduleUseCaseAssembly.swift */; };
		442256882C6BEB4400172C0A /* ScheduleDataBaseType.swift in Sources */ = {isa = PBXBuildFile; fileRef = 442256872C6BEB4400172C0A /* ScheduleDataBaseType.swift */; };
		443A7BE22D418BA200455C2F /* CalendarView_old.swift in Sources */ = {isa = PBXBuildFile; fileRef = 443A7BE12D418BA200455C2F /* CalendarView_old.swift */; };
		444045DD2CFF8D0600559126 /* AppSettingsMainView.swift in Sources */ = {isa = PBXBuildFile; fileRef = 444045DC2CFF8D0600559126 /* AppSettingsMainView.swift */; };
		444045E12CFF8DFE00559126 /* ProfileView.swift in Sources */ = {isa = PBXBuildFile; fileRef = 444045E02CFF8DFE00559126 /* ProfileView.swift */; };
		444045E42CFF8E2E00559126 /* AppSettingsCollectionViewController.swift in Sources */ = {isa = PBXBuildFile; fileRef = 444045E32CFF8E2E00559126 /* AppSettingsCollectionViewController.swift */; };
		444045E62CFF8EAD00559126 /* AppSettingsCollectionCell.swift in Sources */ = {isa = PBXBuildFile; fileRef = 444045E52CFF8EAD00559126 /* AppSettingsCollectionCell.swift */; };
		444045E82CFF8F7B00559126 /* AppSettingsViewModel.swift in Sources */ = {isa = PBXBuildFile; fileRef = 444045E72CFF8F7B00559126 /* AppSettingsViewModel.swift */; };
		4441EC772CE5303800AFB022 /* ChartView.swift in Sources */ = {isa = PBXBuildFile; fileRef = 4441EC762CE5303800AFB022 /* ChartView.swift */; };
		4442BA682BE41F38002DC469 /* SceneFactoryAssembly.swift in Sources */ = {isa = PBXBuildFile; fileRef = 4442BA672BE41F38002DC469 /* SceneFactoryAssembly.swift */; };
		4442BA6A2BE4243D002DC469 /* StatisticsAssembly.swift in Sources */ = {isa = PBXBuildFile; fileRef = 4442BA692BE4243D002DC469 /* StatisticsAssembly.swift */; };
		4442BA6E2BE425F0002DC469 /* AppSettingsVCAssembly.swift in Sources */ = {isa = PBXBuildFile; fileRef = 4442BA6D2BE425F0002DC469 /* AppSettingsVCAssembly.swift */; };
		4442BA702BE4277B002DC469 /* SceneFactoryProtocol.swift in Sources */ = {isa = PBXBuildFile; fileRef = 4442BA6F2BE4277B002DC469 /* SceneFactoryProtocol.swift */; };
		44474BA72CF7A28500B03957 /* StatisticsViewModelProtocol.swift in Sources */ = {isa = PBXBuildFile; fileRef = 44474BA62CF7A28500B03957 /* StatisticsViewModelProtocol.swift */; };
		444AC1262CE3D63A0032DA6F /* StatisticsView.swift in Sources */ = {isa = PBXBuildFile; fileRef = 444AC1252CE3D63A0032DA6F /* StatisticsView.swift */; };
		444AC1292CE3DEA20032DA6F /* StatisticsViewModel.swift in Sources */ = {isa = PBXBuildFile; fileRef = 444AC1282CE3DEA20032DA6F /* StatisticsViewModel.swift */; };
		444AC12E2CE3E0E60032DA6F /* ServiceAssembly.swift in Sources */ = {isa = PBXBuildFile; fileRef = 444AC12D2CE3E0E60032DA6F /* ServiceAssembly.swift */; };
		444AC1302CE3E21A0032DA6F /* StatisticsViewModelAssembly.swift in Sources */ = {isa = PBXBuildFile; fileRef = 444AC12F2CE3E21A0032DA6F /* StatisticsViewModelAssembly.swift */; };
		444B387F2BD1A7BE00141612 /* WeekCalendarCollectionViewCell.swift in Sources */ = {isa = PBXBuildFile; fileRef = 444B387E2BD1A7BE00141612 /* WeekCalendarCollectionViewCell.swift */; };
		444DAB862C655A8F005B8ABC /* SourceItemProtocol.swift in Sources */ = {isa = PBXBuildFile; fileRef = 444DAB852C655A8F005B8ABC /* SourceItemProtocol.swift */; };
		4453AF8F2D3ED94E0053C2CF /* CreateScheduleView.swift in Sources */ = {isa = PBXBuildFile; fileRef = 4453AF8E2D3ED94E0053C2CF /* CreateScheduleView.swift */; };
		4453AF912D3EDD510053C2CF /* CreateScheduleTableViewController.swift in Sources */ = {isa = PBXBuildFile; fileRef = 4453AF902D3EDD510053C2CF /* CreateScheduleTableViewController.swift */; };
		445F823B2D1B370F00F001DE /* ThemeSection.swift in Sources */ = {isa = PBXBuildFile; fileRef = 445F823A2D1B370F00F001DE /* ThemeSection.swift */; };
		445F823D2D1B372B00F001DE /* ThemeCellType.swift in Sources */ = {isa = PBXBuildFile; fileRef = 445F823C2D1B372B00F001DE /* ThemeCellType.swift */; };
		445F823F2D1B400100F001DE /* UIColor+Extension.swift in Sources */ = {isa = PBXBuildFile; fileRef = 445F823E2D1B400100F001DE /* UIColor+Extension.swift */; };
		446778872D1204D000B5DEA3 /* AppearanceSettingsView.swift in Sources */ = {isa = PBXBuildFile; fileRef = 446778862D1204D000B5DEA3 /* AppearanceSettingsView.swift */; };
		446778892D1204FB00B5DEA3 /* AppearanceViewModel.swift in Sources */ = {isa = PBXBuildFile; fileRef = 446778882D1204FB00B5DEA3 /* AppearanceViewModel.swift */; };
		4467788B2D12113A00B5DEA3 /* ThemeCollectionViewController.swift in Sources */ = {isa = PBXBuildFile; fileRef = 4467788A2D12113A00B5DEA3 /* ThemeCollectionViewController.swift */; };
		446778932D12167B00B5DEA3 /* ThemeCollectionViewCell.swift in Sources */ = {isa = PBXBuildFile; fileRef = 446778922D12167B00B5DEA3 /* ThemeCollectionViewCell.swift */; };
		446778952D1216CC00B5DEA3 /* DarkModeCollectionViewCell.swift in Sources */ = {isa = PBXBuildFile; fileRef = 446778942D1216CC00B5DEA3 /* DarkModeCollectionViewCell.swift */; };
		446C85612CB85B8700077CC5 /* CoreHapticsManager.swift in Sources */ = {isa = PBXBuildFile; fileRef = 446C85602CB85B8700077CC5 /* CoreHapticsManager.swift */; };
		44727B392C486895007756A3 /* ScheduleViewModelAssembly.swift in Sources */ = {isa = PBXBuildFile; fileRef = 44727B382C486895007756A3 /* ScheduleViewModelAssembly.swift */; };
		44727B3B2C486918007756A3 /* Priority.swift in Sources */ = {isa = PBXBuildFile; fileRef = 44727B3A2C486918007756A3 /* Priority.swift */; };
		44727B3D2C48692E007756A3 /* Goal.swift in Sources */ = {isa = PBXBuildFile; fileRef = 44727B3C2C48692E007756A3 /* Goal.swift */; };
		44727B3F2C48694E007756A3 /* SourceItem.swift in Sources */ = {isa = PBXBuildFile; fileRef = 44727B3E2C48694E007756A3 /* SourceItem.swift */; };
		44727B412C486970007756A3 /* ScheduleMode.swift in Sources */ = {isa = PBXBuildFile; fileRef = 44727B402C486970007756A3 /* ScheduleMode.swift */; };
		44727B432C486A48007756A3 /* DaysOfWeekEnum.swift in Sources */ = {isa = PBXBuildFile; fileRef = 44727B422C486A48007756A3 /* DaysOfWeekEnum.swift */; };
		44727B452C486A68007756A3 /* UITableView+Extension.swift in Sources */ = {isa = PBXBuildFile; fileRef = 44727B442C486A68007756A3 /* UITableView+Extension.swift */; };
		44727B472C486AAC007756A3 /* ScheduleTableViewSectionItem.swift in Sources */ = {isa = PBXBuildFile; fileRef = 44727B462C486AAC007756A3 /* ScheduleTableViewSectionItem.swift */; };
		44727B4A2C486B29007756A3 /* SelectRepeatedDaysViewController.swift in Sources */ = {isa = PBXBuildFile; fileRef = 44727B492C486B29007756A3 /* SelectRepeatedDaysViewController.swift */; };
		44727B4C2C486B7B007756A3 /* DaysOfWeekTableViewCell.swift in Sources */ = {isa = PBXBuildFile; fileRef = 44727B4B2C486B7B007756A3 /* DaysOfWeekTableViewCell.swift */; };
		447DBE612BC4A8EB00A99A38 /* AppSettingsViewController.swift in Sources */ = {isa = PBXBuildFile; fileRef = 447DBE522BC4A8EB00A99A38 /* AppSettingsViewController.swift */; };
		447DBE622BC4A8EB00A99A38 /* ScheduleViewController.swift in Sources */ = {isa = PBXBuildFile; fileRef = 447DBE552BC4A8EB00A99A38 /* ScheduleViewController.swift */; };
		447DBE632BC4A8EB00A99A38 /* StatisticsViewController.swift in Sources */ = {isa = PBXBuildFile; fileRef = 447DBE582BC4A8EB00A99A38 /* StatisticsViewController.swift */; };
		447DBE642BC4A8EB00A99A38 /* TabBarController.swift in Sources */ = {isa = PBXBuildFile; fileRef = 447DBE5B2BC4A8EB00A99A38 /* TabBarController.swift */; };
		447F92112CD0165600DDB846 /* ScheduleMainView.swift in Sources */ = {isa = PBXBuildFile; fileRef = 447F92102CD0165600DDB846 /* ScheduleMainView.swift */; };
		4481DB992CF3BB7F009BBB4C /* GradientTextLabel.swift in Sources */ = {isa = PBXBuildFile; fileRef = 4481DB982CF3BB7F009BBB4C /* GradientTextLabel.swift */; };
		4498EAA22C2E019E0081E7EE /* ScheduleItems.swift in Sources */ = {isa = PBXBuildFile; fileRef = 4498EAA12C2E019E0081E7EE /* ScheduleItems.swift */; };
		449EF5A32C52DE5900FD187B /* CreateScheduleDelegate.swift in Sources */ = {isa = PBXBuildFile; fileRef = 449EF5A22C52DE5900FD187B /* CreateScheduleDelegate.swift */; };
		449F18D82BACC4BF00F9640D /* AppDelegate.swift in Sources */ = {isa = PBXBuildFile; fileRef = 449F18D72BACC4BF00F9640D /* AppDelegate.swift */; };
		449F18DA2BACC4BF00F9640D /* SceneDelegate.swift in Sources */ = {isa = PBXBuildFile; fileRef = 449F18D92BACC4BF00F9640D /* SceneDelegate.swift */; };
		449F18E12BACC4C000F9640D /* Assets.xcassets in Resources */ = {isa = PBXBuildFile; fileRef = 449F18E02BACC4C000F9640D /* Assets.xcassets */; };
		449F18E42BACC4C000F9640D /* LaunchScreen.storyboard in Resources */ = {isa = PBXBuildFile; fileRef = 449F18E22BACC4C000F9640D /* LaunchScreen.storyboard */; };
		44A378DF2BFD2D7000E93B5F /* SelectMainModeCollectionViewCell.swift in Sources */ = {isa = PBXBuildFile; fileRef = 44A378DE2BFD2D7000E93B5F /* SelectMainModeCollectionViewCell.swift */; };
		44A41B902D40344B008B4C43 /* ScheduleTableViewController.swift in Sources */ = {isa = PBXBuildFile; fileRef = 44A41B8F2D40344B008B4C43 /* ScheduleTableViewController.swift */; };
		44A88DE02CD6646500D4A007 /* CreateSceneDIContainer.swift in Sources */ = {isa = PBXBuildFile; fileRef = 44A88DDF2CD6646500D4A007 /* CreateSceneDIContainer.swift */; };
		44A88DE22CD669B300D4A007 /* CreateScheduleSceneContainerAssembly.swift in Sources */ = {isa = PBXBuildFile; fileRef = 44A88DE12CD669B300D4A007 /* CreateScheduleSceneContainerAssembly.swift */; };
		44AE39A22CE28B5E00D89B23 /* StatisticsFlowCoordinator.swift in Sources */ = {isa = PBXBuildFile; fileRef = 44AE39A12CE28B5E00D89B23 /* StatisticsFlowCoordinator.swift */; };
		44AE39A52CE2908600D89B23 /* AppSettingsFlowCoordinator.swift in Sources */ = {isa = PBXBuildFile; fileRef = 44AE39A42CE2908600D89B23 /* AppSettingsFlowCoordinator.swift */; };
		44AE39A82CE2954500D89B23 /* CoreHapticsManagerAssembly.swift in Sources */ = {isa = PBXBuildFile; fileRef = 44AE39A72CE2954500D89B23 /* CoreHapticsManagerAssembly.swift */; };
		44AE982E2CF5058E00D685FD /* GradientLabel.swift in Sources */ = {isa = PBXBuildFile; fileRef = 44AE982D2CF5058E00D685FD /* GradientLabel.swift */; };
		44B06E142BECEE0E000C3CC6 /* ScheduleViewModel.swift in Sources */ = {isa = PBXBuildFile; fileRef = 44B06E132BECEE0E000C3CC6 /* ScheduleViewModel.swift */; };
		44B06E162BECEE3C000C3CC6 /* ScheduleViewModelProtocol.swift in Sources */ = {isa = PBXBuildFile; fileRef = 44B06E152BECEE3C000C3CC6 /* ScheduleViewModelProtocol.swift */; };
		44B06E192BECF08F000C3CC6 /* ScheduleTableViewCell.swift in Sources */ = {isa = PBXBuildFile; fileRef = 44B06E182BECF08F000C3CC6 /* ScheduleTableViewCell.swift */; };
		44B562F82CBEE06F0071F691 /* WeekDayShortName.swift in Sources */ = {isa = PBXBuildFile; fileRef = 44B562F72CBEE06F0071F691 /* WeekDayShortName.swift */; };
		44B562FA2CBEFEFA0071F691 /* Done.caf in Resources */ = {isa = PBXBuildFile; fileRef = 44B562F92CBEFEFA0071F691 /* Done.caf */; };
		44BF98902D07783A008A2BA3 /* GeneralSettingsItem.swift in Sources */ = {isa = PBXBuildFile; fileRef = 44BF988F2D07783A008A2BA3 /* GeneralSettingsItem.swift */; };
		44BF98922D077861008A2BA3 /* ApplicationSettingsItem.swift in Sources */ = {isa = PBXBuildFile; fileRef = 44BF98912D077861008A2BA3 /* ApplicationSettingsItem.swift */; };
		44BF98942D077878008A2BA3 /* AppSettingsItem.swift in Sources */ = {isa = PBXBuildFile; fileRef = 44BF98932D077878008A2BA3 /* AppSettingsItem.swift */; };
		44BF98962D07789A008A2BA3 /* SettingsSection.swift in Sources */ = {isa = PBXBuildFile; fileRef = 44BF98952D07789A008A2BA3 /* SettingsSection.swift */; };
		44C7148D2BD8465300C67B20 /* DaysOfWeek+Extension.swift in Sources */ = {isa = PBXBuildFile; fileRef = 44C7148C2BD8465300C67B20 /* DaysOfWeek+Extension.swift */; };
		44CD57A52D13611700EF84F7 /* RoundedBackgroundView.swift in Sources */ = {isa = PBXBuildFile; fileRef = 44CD57A42D13611700EF84F7 /* RoundedBackgroundView.swift */; };
		44CE3BBB2C0BA31C00719B84 /* CreateScheduleViewController.swift in Sources */ = {isa = PBXBuildFile; fileRef = 44CE3BBA2C0BA31C00719B84 /* CreateScheduleViewController.swift */; };
		44CE3BBD2C0BA38500719B84 /* CreateScheduleViewAssembly.swift in Sources */ = {isa = PBXBuildFile; fileRef = 44CE3BBC2C0BA38500719B84 /* CreateScheduleViewAssembly.swift */; };
		44D18C732C121EED00F22CED /* ScheduleTask.swift in Sources */ = {isa = PBXBuildFile; fileRef = 44D18C722C121EED00F22CED /* ScheduleTask.swift */; };
		44DBAE572C13222400BF130E /* ScheduleItemsTableViewCell.swift in Sources */ = {isa = PBXBuildFile; fileRef = 44DBAE562C13222400BF130E /* ScheduleItemsTableViewCell.swift */; };
		44DBD2AF2C8ED287006AE2F1 /* CompletedTask.swift in Sources */ = {isa = PBXBuildFile; fileRef = 44DBD2AE2C8ED287006AE2F1 /* CompletedTask.swift */; };
		44DD0F272D38475200BA975D /* DateComponents+Extension.swift in Sources */ = {isa = PBXBuildFile; fileRef = 44DD0F262D38475200BA975D /* DateComponents+Extension.swift */; };
		44E28ED82CEE6D9C001FA0CA /* StatisticsServiceProtocol.swift in Sources */ = {isa = PBXBuildFile; fileRef = 44E28ED72CEE6D9C001FA0CA /* StatisticsServiceProtocol.swift */; };
		44E28EDA2CEE6DA7001FA0CA /* StatisticsService.swift in Sources */ = {isa = PBXBuildFile; fileRef = 44E28ED92CEE6DA7001FA0CA /* StatisticsService.swift */; };
		44E28EDC2CEE6E88001FA0CA /* StatisticsRepositoryProtocol.swift in Sources */ = {isa = PBXBuildFile; fileRef = 44E28EDB2CEE6E88001FA0CA /* StatisticsRepositoryProtocol.swift */; };
		44E28EDE2CEE6ED2001FA0CA /* StatisticsRepository.swift in Sources */ = {isa = PBXBuildFile; fileRef = 44E28EDD2CEE6ED2001FA0CA /* StatisticsRepository.swift */; };
		44E28EE02CEE6F55001FA0CA /* StatisticsDataSourceProtocol.swift in Sources */ = {isa = PBXBuildFile; fileRef = 44E28EDF2CEE6F55001FA0CA /* StatisticsDataSourceProtocol.swift */; };
		44E28EE22CEE6FF0001FA0CA /* StatisticsServiceAssembly.swift in Sources */ = {isa = PBXBuildFile; fileRef = 44E28EE12CEE6FF0001FA0CA /* StatisticsServiceAssembly.swift */; };
		44E28EE62CEE70CA001FA0CA /* StatisticsRepositoryAssembly.swift in Sources */ = {isa = PBXBuildFile; fileRef = 44E28EE52CEE70CA001FA0CA /* StatisticsRepositoryAssembly.swift */; };
		44F02F4E2D4156CF00A1E3F2 /* CheckmarkView.swift in Sources */ = {isa = PBXBuildFile; fileRef = 44F02F4D2D4156CF00A1E3F2 /* CheckmarkView.swift */; };
		44F116932BDC384B00134D5F /* DIContainer.swift in Sources */ = {isa = PBXBuildFile; fileRef = 44F116922BDC384B00134D5F /* DIContainer.swift */; };
		44F116952BDC394A00134D5F /* SceneAssembly.swift in Sources */ = {isa = PBXBuildFile; fileRef = 44F116942BDC394A00134D5F /* SceneAssembly.swift */; };
		44F116982BDC398E00134D5F /* ScheduleAssembly.swift in Sources */ = {isa = PBXBuildFile; fileRef = 44F116972BDC398E00134D5F /* ScheduleAssembly.swift */; };
		44F1169A2BDC3A3200134D5F /* TabBarAssembly.swift in Sources */ = {isa = PBXBuildFile; fileRef = 44F116992BDC3A3200134D5F /* TabBarAssembly.swift */; };
		44F305732D19EC5F005B32E1 /* WeeklerUIManager.swift in Sources */ = {isa = PBXBuildFile; fileRef = 44F305722D19EC5F005B32E1 /* WeeklerUIManager.swift */; };
		44F9EA2B2CDAA597009AE5FD /* ScheduleRepositoryAssembly.swift in Sources */ = {isa = PBXBuildFile; fileRef = 44F9EA2A2CDAA597009AE5FD /* ScheduleRepositoryAssembly.swift */; };
		44F9EA2D2CDAB1A1009AE5FD /* ScheduleRepository.swift in Sources */ = {isa = PBXBuildFile; fileRef = 44F9EA2C2CDAB1A1009AE5FD /* ScheduleRepository.swift */; };
		44FB465C2C5E66BD005731BC /* CreateScheduleViewModelProtocol.swift in Sources */ = {isa = PBXBuildFile; fileRef = 44FB465B2C5E66BD005731BC /* CreateScheduleViewModelProtocol.swift */; };
		44FB465E2C5E66D4005731BC /* CreateScheduleViewModel.swift in Sources */ = {isa = PBXBuildFile; fileRef = 44FB465D2C5E66D4005731BC /* CreateScheduleViewModel.swift */; };
		44FB46602C5E6959005731BC /* CreateScheduleViewModelAssembly.swift in Sources */ = {isa = PBXBuildFile; fileRef = 44FB465F2C5E6959005731BC /* CreateScheduleViewModelAssembly.swift */; };
		688CBC1AA5740A8CE9EF5169 /* Pods_Weekler.framework in Frameworks */ = {isa = PBXBuildFile; fileRef = 5114AE03E2F4EA1A2414C08E /* Pods_Weekler.framework */; };
/* End PBXBuildFile section */

/* Begin PBXFileReference section */
		4402A1BF2CAB292100CCE9D8 /* ScheduleDataSource.swift */ = {isa = PBXFileReference; lastKnownFileType = sourcecode.swift; path = ScheduleDataSource.swift; sourceTree = "<group>"; };
		44030B0A2D08C9D600A0FABF /* AppSettingsViewModelAssembly.swift */ = {isa = PBXFileReference; lastKnownFileType = sourcecode.swift; path = AppSettingsViewModelAssembly.swift; sourceTree = "<group>"; };
		44030B0C2D08CBC200A0FABF /* AppSettingsCellConfiguration.swift */ = {isa = PBXFileReference; lastKnownFileType = sourcecode.swift; path = AppSettingsCellConfiguration.swift; sourceTree = "<group>"; };
		44030B0E2D08D61900A0FABF /* AppSettingsViewModelProtocol.swift */ = {isa = PBXFileReference; lastKnownFileType = sourcecode.swift; path = AppSettingsViewModelProtocol.swift; sourceTree = "<group>"; };
		440549E42BC5D7E400077C61 /* Strings.swift */ = {isa = PBXFileReference; lastKnownFileType = sourcecode.swift; path = Strings.swift; sourceTree = "<group>"; };
		440549ED2BC5DDBA00077C61 /* en */ = {isa = PBXFileReference; lastKnownFileType = text.plist.strings; name = en; path = en.lproj/Localizable.strings; sourceTree = "<group>"; };
		440549EF2BC5DDF200077C61 /* ru */ = {isa = PBXFileReference; lastKnownFileType = text.plist.strings; name = ru; path = ru.lproj/Localizable.strings; sourceTree = "<group>"; };
		440770FC2BBB472900AD9C98 /* Colors.swift */ = {isa = PBXFileReference; lastKnownFileType = sourcecode.swift; path = Colors.swift; sourceTree = "<group>"; };
		44079C6A2CD163BA006D3A3D /* SelectTaskModeView.swift */ = {isa = PBXFileReference; lastKnownFileType = sourcecode.swift; path = SelectTaskModeView.swift; sourceTree = "<group>"; };
		44079C6D2CD169C5006D3A3D /* CalendarView.swift */ = {isa = PBXFileReference; lastKnownFileType = sourcecode.swift; path = CalendarView.swift; sourceTree = "<group>"; };
		4407C0B72D31A85E00780990 /* ConfirmButton.swift */ = {isa = PBXFileReference; lastKnownFileType = sourcecode.swift; path = ConfirmButton.swift; sourceTree = "<group>"; };
		4407C0B92D31B5C700780990 /* AppearanceViewModelAssembly.swift */ = {isa = PBXFileReference; lastKnownFileType = sourcecode.swift; path = AppearanceViewModelAssembly.swift; sourceTree = "<group>"; };
		4407E7CB2CD5317800CC1692 /* ScheduleRepositoryProtocol.swift */ = {isa = PBXFileReference; lastKnownFileType = sourcecode.swift; path = ScheduleRepositoryProtocol.swift; sourceTree = "<group>"; };
		4407E7CF2CD5382900CC1692 /* ScheduleUseCaseProtocol.swift */ = {isa = PBXFileReference; lastKnownFileType = sourcecode.swift; path = ScheduleUseCaseProtocol.swift; sourceTree = "<group>"; };
		4407E7D12CD53BC400CC1692 /* WeeklerAppDIContainer.swift */ = {isa = PBXFileReference; lastKnownFileType = sourcecode.swift; path = WeeklerAppDIContainer.swift; sourceTree = "<group>"; };
		4407E7D32CD5415C00CC1692 /* SceneFactoryDIContainer.swift */ = {isa = PBXFileReference; lastKnownFileType = sourcecode.swift; path = SceneFactoryDIContainer.swift; sourceTree = "<group>"; };
		440B2DD02CDBEF5700BA728B /* ScheduleDataSourceProtocol.swift */ = {isa = PBXFileReference; lastKnownFileType = sourcecode.swift; path = ScheduleDataSourceProtocol.swift; sourceTree = "<group>"; };
		440B2DD32CDBF07400BA728B /* TaskToEdit.swift */ = {isa = PBXFileReference; lastKnownFileType = sourcecode.swift; path = TaskToEdit.swift; sourceTree = "<group>"; };
		440B2DD52CDBF93100BA728B /* ScheduleDataSourceAssembly.swift */ = {isa = PBXFileReference; lastKnownFileType = sourcecode.swift; path = ScheduleDataSourceAssembly.swift; sourceTree = "<group>"; };
		440CF1F62C73CAE600FEFDE0 /* Date+extension.swift */ = {isa = PBXFileReference; lastKnownFileType = sourcecode.swift; path = "Date+extension.swift"; sourceTree = "<group>"; };
		4412BFB62D36EEBF000E931F /* ScheduleDate.swift */ = {isa = PBXFileReference; lastKnownFileType = sourcecode.swift; path = ScheduleDate.swift; sourceTree = "<group>"; };
		4415A1E62CEFBD390065B142 /* Calendar+extension.swift */ = {isa = PBXFileReference; lastKnownFileType = sourcecode.swift; path = "Calendar+extension.swift"; sourceTree = "<group>"; };
		4418D5CB2D0B7487003664E6 /* GeneralSettingsViewController.swift */ = {isa = PBXFileReference; lastKnownFileType = sourcecode.swift; path = GeneralSettingsViewController.swift; sourceTree = "<group>"; };
		4418D5CD2D0B74F0003664E6 /* NotificationSettingsViewController.swift */ = {isa = PBXFileReference; lastKnownFileType = sourcecode.swift; path = NotificationSettingsViewController.swift; sourceTree = "<group>"; };
		4418D5CF2D0B7512003664E6 /* AppearanceSettingsViewController.swift */ = {isa = PBXFileReference; lastKnownFileType = sourcecode.swift; path = AppearanceSettingsViewController.swift; sourceTree = "<group>"; };
		4418D5D12D0B7544003664E6 /* DateSettingsViewController.swift */ = {isa = PBXFileReference; lastKnownFileType = sourcecode.swift; path = DateSettingsViewController.swift; sourceTree = "<group>"; };
		4418D5D32D0B7564003664E6 /* HelpViewController.swift */ = {isa = PBXFileReference; lastKnownFileType = sourcecode.swift; path = HelpViewController.swift; sourceTree = "<group>"; };
		4418D5D52D0B7586003664E6 /* AboutViewController.swift */ = {isa = PBXFileReference; lastKnownFileType = sourcecode.swift; path = AboutViewController.swift; sourceTree = "<group>"; };
		4418D5D72D0B7707003664E6 /* GeneralSettingsViewAssembly.swift */ = {isa = PBXFileReference; lastKnownFileType = sourcecode.swift; path = GeneralSettingsViewAssembly.swift; sourceTree = "<group>"; };
		4418D5D92D0B77B5003664E6 /* NotificationSettingsViewAssembly.swift */ = {isa = PBXFileReference; lastKnownFileType = sourcecode.swift; path = NotificationSettingsViewAssembly.swift; sourceTree = "<group>"; };
		4418D5DB2D0B77FA003664E6 /* AppearanceSettingsViewAssembly.swift */ = {isa = PBXFileReference; lastKnownFileType = sourcecode.swift; path = AppearanceSettingsViewAssembly.swift; sourceTree = "<group>"; };
		4418D5DD2D0B781D003664E6 /* DateSettingsViewAssembly.swift */ = {isa = PBXFileReference; lastKnownFileType = sourcecode.swift; path = DateSettingsViewAssembly.swift; sourceTree = "<group>"; };
		4418D5DF2D0B7845003664E6 /* HelpViewAssembly.swift */ = {isa = PBXFileReference; lastKnownFileType = sourcecode.swift; path = HelpViewAssembly.swift; sourceTree = "<group>"; };
		4418D5E12D0B7870003664E6 /* AboutViewAssembly.swift */ = {isa = PBXFileReference; lastKnownFileType = sourcecode.swift; path = AboutViewAssembly.swift; sourceTree = "<group>"; };
		441CAC732CE0DB7F00064348 /* WeeklerAppCoordinator.swift */ = {isa = PBXFileReference; lastKnownFileType = sourcecode.swift; path = WeeklerAppCoordinator.swift; sourceTree = "<group>"; };
		441CAC762CE0E1F300064348 /* ScheduleFlowCoordinator.swift */ = {isa = PBXFileReference; lastKnownFileType = sourcecode.swift; path = ScheduleFlowCoordinator.swift; sourceTree = "<group>"; };
		441DECAD2CC0353A00B725B7 /* Constants.swift */ = {isa = PBXFileReference; lastKnownFileType = sourcecode.swift; path = Constants.swift; sourceTree = "<group>"; };
		442256812C6BE61500172C0A /* TaskItem.swift */ = {isa = PBXFileReference; lastKnownFileType = sourcecode.swift; path = TaskItem.swift; sourceTree = "<group>"; };
		442256832C6BE7B300172C0A /* ScheduleUseCase.swift */ = {isa = PBXFileReference; lastKnownFileType = sourcecode.swift; path = ScheduleUseCase.swift; sourceTree = "<group>"; };
		442256852C6BE82900172C0A /* ScheduleUseCaseAssembly.swift */ = {isa = PBXFileReference; lastKnownFileType = sourcecode.swift; path = ScheduleUseCaseAssembly.swift; sourceTree = "<group>"; };
		442256872C6BEB4400172C0A /* ScheduleDataBaseType.swift */ = {isa = PBXFileReference; lastKnownFileType = sourcecode.swift; path = ScheduleDataBaseType.swift; sourceTree = "<group>"; };
		443A7BE12D418BA200455C2F /* CalendarView_old.swift */ = {isa = PBXFileReference; lastKnownFileType = sourcecode.swift; path = CalendarView_old.swift; sourceTree = "<group>"; };
		444045DC2CFF8D0600559126 /* AppSettingsMainView.swift */ = {isa = PBXFileReference; lastKnownFileType = sourcecode.swift; path = AppSettingsMainView.swift; sourceTree = "<group>"; };
		444045E02CFF8DFE00559126 /* ProfileView.swift */ = {isa = PBXFileReference; lastKnownFileType = sourcecode.swift; path = ProfileView.swift; sourceTree = "<group>"; };
		444045E32CFF8E2E00559126 /* AppSettingsCollectionViewController.swift */ = {isa = PBXFileReference; lastKnownFileType = sourcecode.swift; path = AppSettingsCollectionViewController.swift; sourceTree = "<group>"; };
		444045E52CFF8EAD00559126 /* AppSettingsCollectionCell.swift */ = {isa = PBXFileReference; lastKnownFileType = sourcecode.swift; path = AppSettingsCollectionCell.swift; sourceTree = "<group>"; };
		444045E72CFF8F7B00559126 /* AppSettingsViewModel.swift */ = {isa = PBXFileReference; lastKnownFileType = sourcecode.swift; path = AppSettingsViewModel.swift; sourceTree = "<group>"; };
		4441EC762CE5303800AFB022 /* ChartView.swift */ = {isa = PBXFileReference; lastKnownFileType = sourcecode.swift; path = ChartView.swift; sourceTree = "<group>"; };
		4442BA672BE41F38002DC469 /* SceneFactoryAssembly.swift */ = {isa = PBXFileReference; lastKnownFileType = sourcecode.swift; path = SceneFactoryAssembly.swift; sourceTree = "<group>"; };
		4442BA692BE4243D002DC469 /* StatisticsAssembly.swift */ = {isa = PBXFileReference; lastKnownFileType = sourcecode.swift; path = StatisticsAssembly.swift; sourceTree = "<group>"; };
		4442BA6D2BE425F0002DC469 /* AppSettingsVCAssembly.swift */ = {isa = PBXFileReference; lastKnownFileType = sourcecode.swift; path = AppSettingsVCAssembly.swift; sourceTree = "<group>"; };
		4442BA6F2BE4277B002DC469 /* SceneFactoryProtocol.swift */ = {isa = PBXFileReference; lastKnownFileType = sourcecode.swift; path = SceneFactoryProtocol.swift; sourceTree = "<group>"; };
		44474BA62CF7A28500B03957 /* StatisticsViewModelProtocol.swift */ = {isa = PBXFileReference; lastKnownFileType = sourcecode.swift; path = StatisticsViewModelProtocol.swift; sourceTree = "<group>"; };
		444AC1252CE3D63A0032DA6F /* StatisticsView.swift */ = {isa = PBXFileReference; lastKnownFileType = sourcecode.swift; path = StatisticsView.swift; sourceTree = "<group>"; };
		444AC1282CE3DEA20032DA6F /* StatisticsViewModel.swift */ = {isa = PBXFileReference; lastKnownFileType = sourcecode.swift; path = StatisticsViewModel.swift; sourceTree = "<group>"; };
		444AC12D2CE3E0E60032DA6F /* ServiceAssembly.swift */ = {isa = PBXFileReference; lastKnownFileType = sourcecode.swift; path = ServiceAssembly.swift; sourceTree = "<group>"; };
		444AC12F2CE3E21A0032DA6F /* StatisticsViewModelAssembly.swift */ = {isa = PBXFileReference; lastKnownFileType = sourcecode.swift; path = StatisticsViewModelAssembly.swift; sourceTree = "<group>"; };
		444B387E2BD1A7BE00141612 /* WeekCalendarCollectionViewCell.swift */ = {isa = PBXFileReference; lastKnownFileType = sourcecode.swift; path = WeekCalendarCollectionViewCell.swift; sourceTree = "<group>"; };
		444DAB852C655A8F005B8ABC /* SourceItemProtocol.swift */ = {isa = PBXFileReference; lastKnownFileType = sourcecode.swift; path = SourceItemProtocol.swift; sourceTree = "<group>"; };
		4453AF8E2D3ED94E0053C2CF /* CreateScheduleView.swift */ = {isa = PBXFileReference; lastKnownFileType = sourcecode.swift; path = CreateScheduleView.swift; sourceTree = "<group>"; };
		4453AF902D3EDD510053C2CF /* CreateScheduleTableViewController.swift */ = {isa = PBXFileReference; lastKnownFileType = sourcecode.swift; path = CreateScheduleTableViewController.swift; sourceTree = "<group>"; };
		445F823A2D1B370F00F001DE /* ThemeSection.swift */ = {isa = PBXFileReference; lastKnownFileType = sourcecode.swift; path = ThemeSection.swift; sourceTree = "<group>"; };
		445F823C2D1B372B00F001DE /* ThemeCellType.swift */ = {isa = PBXFileReference; lastKnownFileType = sourcecode.swift; path = ThemeCellType.swift; sourceTree = "<group>"; };
		445F823E2D1B400100F001DE /* UIColor+Extension.swift */ = {isa = PBXFileReference; lastKnownFileType = sourcecode.swift; path = "UIColor+Extension.swift"; sourceTree = "<group>"; };
		446778862D1204D000B5DEA3 /* AppearanceSettingsView.swift */ = {isa = PBXFileReference; lastKnownFileType = sourcecode.swift; path = AppearanceSettingsView.swift; sourceTree = "<group>"; };
		446778882D1204FB00B5DEA3 /* AppearanceViewModel.swift */ = {isa = PBXFileReference; lastKnownFileType = sourcecode.swift; path = AppearanceViewModel.swift; sourceTree = "<group>"; };
		4467788A2D12113A00B5DEA3 /* ThemeCollectionViewController.swift */ = {isa = PBXFileReference; lastKnownFileType = sourcecode.swift; path = ThemeCollectionViewController.swift; sourceTree = "<group>"; };
		446778922D12167B00B5DEA3 /* ThemeCollectionViewCell.swift */ = {isa = PBXFileReference; lastKnownFileType = sourcecode.swift; path = ThemeCollectionViewCell.swift; sourceTree = "<group>"; };
		446778942D1216CC00B5DEA3 /* DarkModeCollectionViewCell.swift */ = {isa = PBXFileReference; lastKnownFileType = sourcecode.swift; path = DarkModeCollectionViewCell.swift; sourceTree = "<group>"; };
		446C85602CB85B8700077CC5 /* CoreHapticsManager.swift */ = {isa = PBXFileReference; lastKnownFileType = sourcecode.swift; path = CoreHapticsManager.swift; sourceTree = "<group>"; };
		44727B382C486895007756A3 /* ScheduleViewModelAssembly.swift */ = {isa = PBXFileReference; lastKnownFileType = sourcecode.swift; path = ScheduleViewModelAssembly.swift; sourceTree = "<group>"; };
		44727B3A2C486918007756A3 /* Priority.swift */ = {isa = PBXFileReference; lastKnownFileType = sourcecode.swift; path = Priority.swift; sourceTree = "<group>"; };
		44727B3C2C48692E007756A3 /* Goal.swift */ = {isa = PBXFileReference; lastKnownFileType = sourcecode.swift; path = Goal.swift; sourceTree = "<group>"; };
		44727B3E2C48694E007756A3 /* SourceItem.swift */ = {isa = PBXFileReference; lastKnownFileType = sourcecode.swift; path = SourceItem.swift; sourceTree = "<group>"; };
		44727B402C486970007756A3 /* ScheduleMode.swift */ = {isa = PBXFileReference; lastKnownFileType = sourcecode.swift; path = ScheduleMode.swift; sourceTree = "<group>"; };
		44727B422C486A48007756A3 /* DaysOfWeekEnum.swift */ = {isa = PBXFileReference; lastKnownFileType = sourcecode.swift; path = DaysOfWeekEnum.swift; sourceTree = "<group>"; };
		44727B442C486A68007756A3 /* UITableView+Extension.swift */ = {isa = PBXFileReference; lastKnownFileType = sourcecode.swift; path = "UITableView+Extension.swift"; sourceTree = "<group>"; };
		44727B462C486AAC007756A3 /* ScheduleTableViewSectionItem.swift */ = {isa = PBXFileReference; lastKnownFileType = sourcecode.swift; path = ScheduleTableViewSectionItem.swift; sourceTree = "<group>"; };
		44727B492C486B29007756A3 /* SelectRepeatedDaysViewController.swift */ = {isa = PBXFileReference; lastKnownFileType = sourcecode.swift; path = SelectRepeatedDaysViewController.swift; sourceTree = "<group>"; };
		44727B4B2C486B7B007756A3 /* DaysOfWeekTableViewCell.swift */ = {isa = PBXFileReference; lastKnownFileType = sourcecode.swift; path = DaysOfWeekTableViewCell.swift; sourceTree = "<group>"; };
		447DBE522BC4A8EB00A99A38 /* AppSettingsViewController.swift */ = {isa = PBXFileReference; fileEncoding = 4; lastKnownFileType = sourcecode.swift; path = AppSettingsViewController.swift; sourceTree = "<group>"; };
		447DBE552BC4A8EB00A99A38 /* ScheduleViewController.swift */ = {isa = PBXFileReference; fileEncoding = 4; lastKnownFileType = sourcecode.swift; path = ScheduleViewController.swift; sourceTree = "<group>"; };
		447DBE582BC4A8EB00A99A38 /* StatisticsViewController.swift */ = {isa = PBXFileReference; fileEncoding = 4; lastKnownFileType = sourcecode.swift; path = StatisticsViewController.swift; sourceTree = "<group>"; };
		447DBE5B2BC4A8EB00A99A38 /* TabBarController.swift */ = {isa = PBXFileReference; fileEncoding = 4; lastKnownFileType = sourcecode.swift; path = TabBarController.swift; sourceTree = "<group>"; };
		447F92102CD0165600DDB846 /* ScheduleMainView.swift */ = {isa = PBXFileReference; lastKnownFileType = sourcecode.swift; path = ScheduleMainView.swift; sourceTree = "<group>"; };
		4481DB982CF3BB7F009BBB4C /* GradientTextLabel.swift */ = {isa = PBXFileReference; lastKnownFileType = sourcecode.swift; path = GradientTextLabel.swift; sourceTree = "<group>"; };
		4498EAA12C2E019E0081E7EE /* ScheduleItems.swift */ = {isa = PBXFileReference; lastKnownFileType = sourcecode.swift; path = ScheduleItems.swift; sourceTree = "<group>"; };
		449EF5A22C52DE5900FD187B /* CreateScheduleDelegate.swift */ = {isa = PBXFileReference; lastKnownFileType = sourcecode.swift; path = CreateScheduleDelegate.swift; sourceTree = "<group>"; };
		449F18D42BACC4BF00F9640D /* Weekler.app */ = {isa = PBXFileReference; explicitFileType = wrapper.application; includeInIndex = 0; path = Weekler.app; sourceTree = BUILT_PRODUCTS_DIR; };
		449F18D72BACC4BF00F9640D /* AppDelegate.swift */ = {isa = PBXFileReference; lastKnownFileType = sourcecode.swift; path = AppDelegate.swift; sourceTree = "<group>"; };
		449F18D92BACC4BF00F9640D /* SceneDelegate.swift */ = {isa = PBXFileReference; lastKnownFileType = sourcecode.swift; path = SceneDelegate.swift; sourceTree = "<group>"; };
		449F18E02BACC4C000F9640D /* Assets.xcassets */ = {isa = PBXFileReference; lastKnownFileType = folder.assetcatalog; path = Assets.xcassets; sourceTree = "<group>"; };
		449F18E32BACC4C000F9640D /* Base */ = {isa = PBXFileReference; lastKnownFileType = file.storyboard; name = Base; path = Base.lproj/LaunchScreen.storyboard; sourceTree = "<group>"; };
		449F18E52BACC4C000F9640D /* Info.plist */ = {isa = PBXFileReference; lastKnownFileType = text.plist.xml; path = Info.plist; sourceTree = "<group>"; };
		44A378DE2BFD2D7000E93B5F /* SelectMainModeCollectionViewCell.swift */ = {isa = PBXFileReference; lastKnownFileType = sourcecode.swift; path = SelectMainModeCollectionViewCell.swift; sourceTree = "<group>"; };
		44A41B8F2D40344B008B4C43 /* ScheduleTableViewController.swift */ = {isa = PBXFileReference; lastKnownFileType = sourcecode.swift; path = ScheduleTableViewController.swift; sourceTree = "<group>"; };
		44A88DDF2CD6646500D4A007 /* CreateSceneDIContainer.swift */ = {isa = PBXFileReference; lastKnownFileType = sourcecode.swift; path = CreateSceneDIContainer.swift; sourceTree = "<group>"; };
		44A88DE12CD669B300D4A007 /* CreateScheduleSceneContainerAssembly.swift */ = {isa = PBXFileReference; lastKnownFileType = sourcecode.swift; path = CreateScheduleSceneContainerAssembly.swift; sourceTree = "<group>"; };
		44AE39A12CE28B5E00D89B23 /* StatisticsFlowCoordinator.swift */ = {isa = PBXFileReference; lastKnownFileType = sourcecode.swift; path = StatisticsFlowCoordinator.swift; sourceTree = "<group>"; };
		44AE39A42CE2908600D89B23 /* AppSettingsFlowCoordinator.swift */ = {isa = PBXFileReference; lastKnownFileType = sourcecode.swift; path = AppSettingsFlowCoordinator.swift; sourceTree = "<group>"; };
		44AE39A72CE2954500D89B23 /* CoreHapticsManagerAssembly.swift */ = {isa = PBXFileReference; lastKnownFileType = sourcecode.swift; path = CoreHapticsManagerAssembly.swift; sourceTree = "<group>"; };
		44AE982D2CF5058E00D685FD /* GradientLabel.swift */ = {isa = PBXFileReference; lastKnownFileType = sourcecode.swift; path = GradientLabel.swift; sourceTree = "<group>"; };
		44B06E132BECEE0E000C3CC6 /* ScheduleViewModel.swift */ = {isa = PBXFileReference; lastKnownFileType = sourcecode.swift; path = ScheduleViewModel.swift; sourceTree = "<group>"; };
		44B06E152BECEE3C000C3CC6 /* ScheduleViewModelProtocol.swift */ = {isa = PBXFileReference; lastKnownFileType = sourcecode.swift; path = ScheduleViewModelProtocol.swift; sourceTree = "<group>"; };
		44B06E182BECF08F000C3CC6 /* ScheduleTableViewCell.swift */ = {isa = PBXFileReference; lastKnownFileType = sourcecode.swift; path = ScheduleTableViewCell.swift; sourceTree = "<group>"; };
		44B562F72CBEE06F0071F691 /* WeekDayShortName.swift */ = {isa = PBXFileReference; lastKnownFileType = sourcecode.swift; path = WeekDayShortName.swift; sourceTree = "<group>"; };
		44B562F92CBEFEFA0071F691 /* Done.caf */ = {isa = PBXFileReference; lastKnownFileType = file; path = Done.caf; sourceTree = "<group>"; };
		44BF988F2D07783A008A2BA3 /* GeneralSettingsItem.swift */ = {isa = PBXFileReference; lastKnownFileType = sourcecode.swift; path = GeneralSettingsItem.swift; sourceTree = "<group>"; };
		44BF98912D077861008A2BA3 /* ApplicationSettingsItem.swift */ = {isa = PBXFileReference; lastKnownFileType = sourcecode.swift; path = ApplicationSettingsItem.swift; sourceTree = "<group>"; };
		44BF98932D077878008A2BA3 /* AppSettingsItem.swift */ = {isa = PBXFileReference; lastKnownFileType = sourcecode.swift; path = AppSettingsItem.swift; sourceTree = "<group>"; };
		44BF98952D07789A008A2BA3 /* SettingsSection.swift */ = {isa = PBXFileReference; lastKnownFileType = sourcecode.swift; path = SettingsSection.swift; sourceTree = "<group>"; };
		44C7148C2BD8465300C67B20 /* DaysOfWeek+Extension.swift */ = {isa = PBXFileReference; lastKnownFileType = sourcecode.swift; path = "DaysOfWeek+Extension.swift"; sourceTree = "<group>"; };
		44CD57A42D13611700EF84F7 /* RoundedBackgroundView.swift */ = {isa = PBXFileReference; lastKnownFileType = sourcecode.swift; path = RoundedBackgroundView.swift; sourceTree = "<group>"; };
		44CE3BBA2C0BA31C00719B84 /* CreateScheduleViewController.swift */ = {isa = PBXFileReference; lastKnownFileType = sourcecode.swift; path = CreateScheduleViewController.swift; sourceTree = "<group>"; };
		44CE3BBC2C0BA38500719B84 /* CreateScheduleViewAssembly.swift */ = {isa = PBXFileReference; lastKnownFileType = sourcecode.swift; path = CreateScheduleViewAssembly.swift; sourceTree = "<group>"; };
		44D18C722C121EED00F22CED /* ScheduleTask.swift */ = {isa = PBXFileReference; lastKnownFileType = sourcecode.swift; path = ScheduleTask.swift; sourceTree = "<group>"; };
		44DBAE562C13222400BF130E /* ScheduleItemsTableViewCell.swift */ = {isa = PBXFileReference; lastKnownFileType = sourcecode.swift; path = ScheduleItemsTableViewCell.swift; sourceTree = "<group>"; };
		44DBD2AE2C8ED287006AE2F1 /* CompletedTask.swift */ = {isa = PBXFileReference; lastKnownFileType = sourcecode.swift; path = CompletedTask.swift; sourceTree = "<group>"; };
		44DD0F262D38475200BA975D /* DateComponents+Extension.swift */ = {isa = PBXFileReference; lastKnownFileType = sourcecode.swift; path = "DateComponents+Extension.swift"; sourceTree = "<group>"; };
		44E28ED72CEE6D9C001FA0CA /* StatisticsServiceProtocol.swift */ = {isa = PBXFileReference; lastKnownFileType = sourcecode.swift; path = StatisticsServiceProtocol.swift; sourceTree = "<group>"; };
		44E28ED92CEE6DA7001FA0CA /* StatisticsService.swift */ = {isa = PBXFileReference; lastKnownFileType = sourcecode.swift; path = StatisticsService.swift; sourceTree = "<group>"; };
		44E28EDB2CEE6E88001FA0CA /* StatisticsRepositoryProtocol.swift */ = {isa = PBXFileReference; lastKnownFileType = sourcecode.swift; path = StatisticsRepositoryProtocol.swift; sourceTree = "<group>"; };
		44E28EDD2CEE6ED2001FA0CA /* StatisticsRepository.swift */ = {isa = PBXFileReference; lastKnownFileType = sourcecode.swift; path = StatisticsRepository.swift; sourceTree = "<group>"; };
		44E28EDF2CEE6F55001FA0CA /* StatisticsDataSourceProtocol.swift */ = {isa = PBXFileReference; lastKnownFileType = sourcecode.swift; path = StatisticsDataSourceProtocol.swift; sourceTree = "<group>"; };
		44E28EE12CEE6FF0001FA0CA /* StatisticsServiceAssembly.swift */ = {isa = PBXFileReference; lastKnownFileType = sourcecode.swift; path = StatisticsServiceAssembly.swift; sourceTree = "<group>"; };
		44E28EE52CEE70CA001FA0CA /* StatisticsRepositoryAssembly.swift */ = {isa = PBXFileReference; lastKnownFileType = sourcecode.swift; path = StatisticsRepositoryAssembly.swift; sourceTree = "<group>"; };
		44F02F4D2D4156CF00A1E3F2 /* CheckmarkView.swift */ = {isa = PBXFileReference; lastKnownFileType = sourcecode.swift; path = CheckmarkView.swift; sourceTree = "<group>"; };
		44F116922BDC384B00134D5F /* DIContainer.swift */ = {isa = PBXFileReference; lastKnownFileType = sourcecode.swift; path = DIContainer.swift; sourceTree = "<group>"; };
		44F116942BDC394A00134D5F /* SceneAssembly.swift */ = {isa = PBXFileReference; lastKnownFileType = sourcecode.swift; path = SceneAssembly.swift; sourceTree = "<group>"; };
		44F116972BDC398E00134D5F /* ScheduleAssembly.swift */ = {isa = PBXFileReference; lastKnownFileType = sourcecode.swift; path = ScheduleAssembly.swift; sourceTree = "<group>"; };
		44F116992BDC3A3200134D5F /* TabBarAssembly.swift */ = {isa = PBXFileReference; lastKnownFileType = sourcecode.swift; path = TabBarAssembly.swift; sourceTree = "<group>"; };
		44F305722D19EC5F005B32E1 /* WeeklerUIManager.swift */ = {isa = PBXFileReference; lastKnownFileType = sourcecode.swift; path = WeeklerUIManager.swift; sourceTree = "<group>"; };
		44F9EA2A2CDAA597009AE5FD /* ScheduleRepositoryAssembly.swift */ = {isa = PBXFileReference; lastKnownFileType = sourcecode.swift; path = ScheduleRepositoryAssembly.swift; sourceTree = "<group>"; };
		44F9EA2C2CDAB1A1009AE5FD /* ScheduleRepository.swift */ = {isa = PBXFileReference; lastKnownFileType = sourcecode.swift; path = ScheduleRepository.swift; sourceTree = "<group>"; };
		44FB465B2C5E66BD005731BC /* CreateScheduleViewModelProtocol.swift */ = {isa = PBXFileReference; lastKnownFileType = sourcecode.swift; path = CreateScheduleViewModelProtocol.swift; sourceTree = "<group>"; };
		44FB465D2C5E66D4005731BC /* CreateScheduleViewModel.swift */ = {isa = PBXFileReference; lastKnownFileType = sourcecode.swift; path = CreateScheduleViewModel.swift; sourceTree = "<group>"; };
		44FB465F2C5E6959005731BC /* CreateScheduleViewModelAssembly.swift */ = {isa = PBXFileReference; lastKnownFileType = sourcecode.swift; path = CreateScheduleViewModelAssembly.swift; sourceTree = "<group>"; };
		5114AE03E2F4EA1A2414C08E /* Pods_Weekler.framework */ = {isa = PBXFileReference; explicitFileType = wrapper.framework; includeInIndex = 0; path = Pods_Weekler.framework; sourceTree = BUILT_PRODUCTS_DIR; };
		6E5DD8D7ADAD4F3EB5113C57 /* Pods-Weekler.release.xcconfig */ = {isa = PBXFileReference; includeInIndex = 1; lastKnownFileType = text.xcconfig; name = "Pods-Weekler.release.xcconfig"; path = "Target Support Files/Pods-Weekler/Pods-Weekler.release.xcconfig"; sourceTree = "<group>"; };
		A02F1227E093D7907EC64A30 /* Pods-Weekler.debug.xcconfig */ = {isa = PBXFileReference; includeInIndex = 1; lastKnownFileType = text.xcconfig; name = "Pods-Weekler.debug.xcconfig"; path = "Target Support Files/Pods-Weekler/Pods-Weekler.debug.xcconfig"; sourceTree = "<group>"; };
/* End PBXFileReference section */

/* Begin PBXFrameworksBuildPhase section */
		449F18D12BACC4BF00F9640D /* Frameworks */ = {
			isa = PBXFrameworksBuildPhase;
			buildActionMask = 2147483647;
			files = (
				688CBC1AA5740A8CE9EF5169 /* Pods_Weekler.framework in Frameworks */,
			);
			runOnlyForDeploymentPostprocessing = 0;
		};
/* End PBXFrameworksBuildPhase section */

/* Begin PBXGroup section */
		4402A1BB2CAB25AA00CCE9D8 /* Data */ = {
			isa = PBXGroup;
			children = (
				4402A1BE2CAB287400CCE9D8 /* DataSource */,
				4402A1BD2CAB273C00CCE9D8 /* Repository */,
			);
			path = Data;
			sourceTree = "<group>";
		};
		4402A1BC2CAB25C100CCE9D8 /* Entity */ = {
			isa = PBXGroup;
			children = (
				442256812C6BE61500172C0A /* TaskItem.swift */,
				442256872C6BEB4400172C0A /* ScheduleDataBaseType.swift */,
				44DBD2AE2C8ED287006AE2F1 /* CompletedTask.swift */,
				4412BFB62D36EEBF000E931F /* ScheduleDate.swift */,
			);
			path = Entity;
			sourceTree = "<group>";
		};
		4402A1BD2CAB273C00CCE9D8 /* Repository */ = {
			isa = PBXGroup;
			children = (
				44F9EA2C2CDAB1A1009AE5FD /* ScheduleRepository.swift */,
				44E28EDD2CEE6ED2001FA0CA /* StatisticsRepository.swift */,
			);
			path = Repository;
			sourceTree = "<group>";
		};
		4402A1BE2CAB287400CCE9D8 /* DataSource */ = {
			isa = PBXGroup;
			children = (
				4402A1BF2CAB292100CCE9D8 /* ScheduleDataSource.swift */,
				440B2DD02CDBEF5700BA728B /* ScheduleDataSourceProtocol.swift */,
				4402A1BC2CAB25C100CCE9D8 /* Entity */,
				44E28EDF2CEE6F55001FA0CA /* StatisticsDataSourceProtocol.swift */,
			);
			path = DataSource;
			sourceTree = "<group>";
		};
		44030B092D08C81800A0FABF /* SettingsVIew */ = {
			isa = PBXGroup;
			children = (
				4442BA6D2BE425F0002DC469 /* AppSettingsVCAssembly.swift */,
				44030B0A2D08C9D600A0FABF /* AppSettingsViewModelAssembly.swift */,
				4418D5D72D0B7707003664E6 /* GeneralSettingsViewAssembly.swift */,
				4418D5D92D0B77B5003664E6 /* NotificationSettingsViewAssembly.swift */,
				4418D5DB2D0B77FA003664E6 /* AppearanceSettingsViewAssembly.swift */,
				4418D5DD2D0B781D003664E6 /* DateSettingsViewAssembly.swift */,
				4418D5DF2D0B7845003664E6 /* HelpViewAssembly.swift */,
				4418D5E12D0B7870003664E6 /* AboutViewAssembly.swift */,
				4407C0B92D31B5C700780990 /* AppearanceViewModelAssembly.swift */,
			);
			path = SettingsVIew;
			sourceTree = "<group>";
		};
		440549E32BC5D7CF00077C61 /* Generated */ = {
			isa = PBXGroup;
			children = (
				440549E42BC5D7E400077C61 /* Strings.swift */,
			);
			path = Generated;
			sourceTree = "<group>";
		};
		440549E62BC5D8A700077C61 /* Resources */ = {
			isa = PBXGroup;
			children = (
				449F18E22BACC4C000F9640D /* LaunchScreen.storyboard */,
				449F18E02BACC4C000F9640D /* Assets.xcassets */,
				440549EC2BC5DDBA00077C61 /* Localizable.strings */,
			);
			path = Resources;
			sourceTree = "<group>";
		};
		44079C692CD16301006D3A3D /* SelectTaskModeView */ = {
			isa = PBXGroup;
			children = (
				44A378DD2BFD2D4400E93B5F /* SelectMainModeCollectionViewCell */,
				44079C6A2CD163BA006D3A3D /* SelectTaskModeView.swift */,
			);
			path = SelectTaskModeView;
			sourceTree = "<group>";
		};
		44079C6C2CD16661006D3A3D /* CalendarView */ = {
			isa = PBXGroup;
			children = (
				44079C6D2CD169C5006D3A3D /* CalendarView.swift */,
				443A7BE12D418BA200455C2F /* CalendarView_old.swift */,
			);
			path = CalendarView;
			sourceTree = "<group>";
		};
		4407E7CA2CD5304600CC1692 /* Core */ = {
			isa = PBXGroup;
			children = (
				44474BA82CF7A5D200B03957 /* Extensions */,
				44B562FB2CBEFF890071F691 /* Sounds */,
				449F18ED2BACD09A00F9640D /* Helpers */,
				449F18EE2BACD0A800F9640D /* Services */,
				44F116902BDC382700134D5F /* DependencyInjection */,
			);
			path = Core;
			sourceTree = "<group>";
		};
		440B2DD22CDBF06900BA728B /* DTO */ = {
			isa = PBXGroup;
			children = (
				440B2DD32CDBF07400BA728B /* TaskToEdit.swift */,
			);
			path = DTO;
			sourceTree = "<group>";
		};
		4418D5CA2D0B7436003664E6 /* CustomSettings */ = {
			isa = PBXGroup;
			children = (
				446778902D1212BA00B5DEA3 /* About */,
				446778852D1204A100B5DEA3 /* Appearance */,
				4467788E2D1212A300B5DEA3 /* DateAndTime */,
				4467788C2D12126C00B5DEA3 /* General */,
				4467788F2D1212B200B5DEA3 /* Help */,
				4467788D2D12128600B5DEA3 /* Notifications */,
			);
			path = CustomSettings;
			sourceTree = "<group>";
		};
		441CAC722CE0DAEC00064348 /* Application */ = {
			isa = PBXGroup;
			children = (
				449F18D72BACC4BF00F9640D /* AppDelegate.swift */,
				449F18D92BACC4BF00F9640D /* SceneDelegate.swift */,
				441CAC732CE0DB7F00064348 /* WeeklerAppCoordinator.swift */,
				449F18E52BACC4C000F9640D /* Info.plist */,
			);
			path = Application;
			sourceTree = "<group>";
		};
		441CAC752CE0E1DE00064348 /* ScheduleViewFlow */ = {
			isa = PBXGroup;
			children = (
				441CAC762CE0E1F300064348 /* ScheduleFlowCoordinator.swift */,
			);
			path = ScheduleViewFlow;
			sourceTree = "<group>";
		};
		444006A32CC6E1210058F601 /* Repository */ = {
			isa = PBXGroup;
			children = (
				4407E7CB2CD5317800CC1692 /* ScheduleRepositoryProtocol.swift */,
				44E28EDB2CEE6E88001FA0CA /* StatisticsRepositoryProtocol.swift */,
			);
			path = Repository;
			sourceTree = "<group>";
		};
		444006A42CC6E12A0058F601 /* UseCase */ = {
			isa = PBXGroup;
			children = (
				44E28ED52CEE6D5E001FA0CA /* Schedule */,
				44E28ED62CEE6D76001FA0CA /* Statistics */,
			);
			path = UseCase;
			sourceTree = "<group>";
		};
		444045DE2CFF8DBD00559126 /* ViewModel */ = {
			isa = PBXGroup;
			children = (
				444045E72CFF8F7B00559126 /* AppSettingsViewModel.swift */,
				44030B0E2D08D61900A0FABF /* AppSettingsViewModelProtocol.swift */,
			);
			path = ViewModel;
			sourceTree = "<group>";
		};
		444045DF2CFF8DEE00559126 /* ProfileView */ = {
			isa = PBXGroup;
			children = (
				444045E02CFF8DFE00559126 /* ProfileView.swift */,
			);
			path = ProfileView;
			sourceTree = "<group>";
		};
		444045E22CFF8E0300559126 /* AppSettingsCollectionView */ = {
			isa = PBXGroup;
			children = (
				444045E32CFF8E2E00559126 /* AppSettingsCollectionViewController.swift */,
				444045E52CFF8EAD00559126 /* AppSettingsCollectionCell.swift */,
			);
			path = AppSettingsCollectionView;
			sourceTree = "<group>";
		};
		4442BA662BE41F18002DC469 /* Services */ = {
			isa = PBXGroup;
			children = (
				44E28EE42CEE70A6001FA0CA /* Statistics */,
				44E28EE32CEE7092001FA0CA /* Schedule */,
				4442BA672BE41F38002DC469 /* SceneFactoryAssembly.swift */,
				44A88DE12CD669B300D4A007 /* CreateScheduleSceneContainerAssembly.swift */,
				44AE39A72CE2954500D89B23 /* CoreHapticsManagerAssembly.swift */,
			);
			path = Services;
			sourceTree = "<group>";
		};
		44474BA82CF7A5D200B03957 /* Extensions */ = {
			isa = PBXGroup;
			children = (
				44C7148C2BD8465300C67B20 /* DaysOfWeek+Extension.swift */,
				44727B442C486A68007756A3 /* UITableView+Extension.swift */,
				440CF1F62C73CAE600FEFDE0 /* Date+extension.swift */,
				4415A1E62CEFBD390065B142 /* Calendar+extension.swift */,
				445F823E2D1B400100F001DE /* UIColor+Extension.swift */,
				44DD0F262D38475200BA975D /* DateComponents+Extension.swift */,
			);
			path = Extensions;
			sourceTree = "<group>";
		};
		444AC1272CE3DE8B0032DA6F /* StatisticsViewModel */ = {
			isa = PBXGroup;
			children = (
				444AC1282CE3DEA20032DA6F /* StatisticsViewModel.swift */,
				44474BA62CF7A28500B03957 /* StatisticsViewModelProtocol.swift */,
			);
			path = StatisticsViewModel;
			sourceTree = "<group>";
		};
		444AC12A2CE3E04A0032DA6F /* Schedule */ = {
			isa = PBXGroup;
			children = (
				44F116972BDC398E00134D5F /* ScheduleAssembly.swift */,
				44F116992BDC3A3200134D5F /* TabBarAssembly.swift */,
				44CE3BBC2C0BA38500719B84 /* CreateScheduleViewAssembly.swift */,
				44727B382C486895007756A3 /* ScheduleViewModelAssembly.swift */,
				44FB465F2C5E6959005731BC /* CreateScheduleViewModelAssembly.swift */,
			);
			path = Schedule;
			sourceTree = "<group>";
		};
		444AC12B2CE3E0930032DA6F /* Statistics */ = {
			isa = PBXGroup;
			children = (
				4442BA692BE4243D002DC469 /* StatisticsAssembly.swift */,
				444AC12F2CE3E21A0032DA6F /* StatisticsViewModelAssembly.swift */,
			);
			path = Statistics;
			sourceTree = "<group>";
		};
		444AC12C2CE3E0CA0032DA6F /* Assamblies */ = {
			isa = PBXGroup;
			children = (
				44F116942BDC394A00134D5F /* SceneAssembly.swift */,
				444AC12D2CE3E0E60032DA6F /* ServiceAssembly.swift */,
			);
			path = Assamblies;
			sourceTree = "<group>";
		};
		445F82392D1B36EC00F001DE /* Items */ = {
			isa = PBXGroup;
			children = (
				445F823A2D1B370F00F001DE /* ThemeSection.swift */,
				445F823C2D1B372B00F001DE /* ThemeCellType.swift */,
			);
			path = Items;
			sourceTree = "<group>";
		};
		446778852D1204A100B5DEA3 /* Appearance */ = {
			isa = PBXGroup;
			children = (
				446778912D12166200B5DEA3 /* ThemeCollectionView */,
				4418D5CF2D0B7512003664E6 /* AppearanceSettingsViewController.swift */,
				446778862D1204D000B5DEA3 /* AppearanceSettingsView.swift */,
				446778882D1204FB00B5DEA3 /* AppearanceViewModel.swift */,
				4407C0B72D31A85E00780990 /* ConfirmButton.swift */,
			);
			path = Appearance;
			sourceTree = "<group>";
		};
		4467788C2D12126C00B5DEA3 /* General */ = {
			isa = PBXGroup;
			children = (
				4418D5CB2D0B7487003664E6 /* GeneralSettingsViewController.swift */,
			);
			path = General;
			sourceTree = "<group>";
		};
		4467788D2D12128600B5DEA3 /* Notifications */ = {
			isa = PBXGroup;
			children = (
				4418D5CD2D0B74F0003664E6 /* NotificationSettingsViewController.swift */,
			);
			path = Notifications;
			sourceTree = "<group>";
		};
		4467788E2D1212A300B5DEA3 /* DateAndTime */ = {
			isa = PBXGroup;
			children = (
				4418D5D12D0B7544003664E6 /* DateSettingsViewController.swift */,
			);
			path = DateAndTime;
			sourceTree = "<group>";
		};
		4467788F2D1212B200B5DEA3 /* Help */ = {
			isa = PBXGroup;
			children = (
				4418D5D32D0B7564003664E6 /* HelpViewController.swift */,
			);
			path = Help;
			sourceTree = "<group>";
		};
		446778902D1212BA00B5DEA3 /* About */ = {
			isa = PBXGroup;
			children = (
				4418D5D52D0B7586003664E6 /* AboutViewController.swift */,
			);
			path = About;
			sourceTree = "<group>";
		};
		446778912D12166200B5DEA3 /* ThemeCollectionView */ = {
			isa = PBXGroup;
			children = (
				445F82392D1B36EC00F001DE /* Items */,
				4467788A2D12113A00B5DEA3 /* ThemeCollectionViewController.swift */,
				446778922D12167B00B5DEA3 /* ThemeCollectionViewCell.swift */,
				446778942D1216CC00B5DEA3 /* DarkModeCollectionViewCell.swift */,
				44CD57A42D13611700EF84F7 /* RoundedBackgroundView.swift */,
			);
			path = ThemeCollectionView;
			sourceTree = "<group>";
		};
		44727B482C486AE1007756A3 /* SelectRepeatedDaysView */ = {
			isa = PBXGroup;
			children = (
				44727B492C486B29007756A3 /* SelectRepeatedDaysViewController.swift */,
				44727B4B2C486B7B007756A3 /* DaysOfWeekTableViewCell.swift */,
			);
			path = SelectRepeatedDaysView;
			sourceTree = "<group>";
		};
		447DBE532BC4A8EB00A99A38 /* AppSettingsMainView */ = {
			isa = PBXGroup;
			children = (
				447DBE522BC4A8EB00A99A38 /* AppSettingsViewController.swift */,
				444045DC2CFF8D0600559126 /* AppSettingsMainView.swift */,
			);
			path = AppSettingsMainView;
			sourceTree = "<group>";
		};
		447DBE542BC4A8EB00A99A38 /* AppSettingsView */ = {
			isa = PBXGroup;
			children = (
				4418D5CA2D0B7436003664E6 /* CustomSettings */,
				44BF988E2D077818008A2BA3 /* SettingsItems */,
				444045E22CFF8E0300559126 /* AppSettingsCollectionView */,
				444045DF2CFF8DEE00559126 /* ProfileView */,
				444045DE2CFF8DBD00559126 /* ViewModel */,
				44AE39A32CE2907000D89B23 /* AppSettingsViewFlow */,
				447DBE532BC4A8EB00A99A38 /* AppSettingsMainView */,
			);
			path = AppSettingsView;
			sourceTree = "<group>";
		};
		447DBE562BC4A8EB00A99A38 /* ScheduleView */ = {
			isa = PBXGroup;
			children = (
				44B06E122BECEDE7000C3CC6 /* ScheduleViewViewModel */,
				441CAC752CE0E1DE00064348 /* ScheduleViewFlow */,
				447F920F2CD0161D00DDB846 /* ScheduleMainView */,
				44D18C712C121D0E00F22CED /* ScheduleViewController */,
				44F409132BCF0A2F0052ABE9 /* WeekCalendarCollectionViewCell */,
			);
			path = ScheduleView;
			sourceTree = "<group>";
		};
		447DBE572BC4A8EB00A99A38 /* Schedule */ = {
			isa = PBXGroup;
			children = (
				44F02F4C2D41566300A1E3F2 /* Checkmark */,
				44FB46612C5E72F4005731BC /* CreateSchedule */,
				447DBE562BC4A8EB00A99A38 /* ScheduleView */,
			);
			path = Schedule;
			sourceTree = "<group>";
		};
		447DBE592BC4A8EB00A99A38 /* View */ = {
			isa = PBXGroup;
			children = (
				447DBE582BC4A8EB00A99A38 /* StatisticsViewController.swift */,
				444AC1252CE3D63A0032DA6F /* StatisticsView.swift */,
				4441EC762CE5303800AFB022 /* ChartView.swift */,
			);
			path = View;
			sourceTree = "<group>";
		};
		447DBE5A2BC4A8EB00A99A38 /* StatisticsView */ = {
			isa = PBXGroup;
			children = (
				444AC1272CE3DE8B0032DA6F /* StatisticsViewModel */,
				44AE39A02CE28B3F00D89B23 /* StatisticsFlow */,
				447DBE592BC4A8EB00A99A38 /* View */,
			);
			path = StatisticsView;
			sourceTree = "<group>";
		};
		447DBE5C2BC4A8EB00A99A38 /* TabBar */ = {
			isa = PBXGroup;
			children = (
				447DBE5B2BC4A8EB00A99A38 /* TabBarController.swift */,
			);
			path = TabBar;
			sourceTree = "<group>";
		};
		447DBE602BC4A8EB00A99A38 /* Scenes */ = {
			isa = PBXGroup;
			children = (
				447DBE542BC4A8EB00A99A38 /* AppSettingsView */,
				447DBE572BC4A8EB00A99A38 /* Schedule */,
				447DBE5A2BC4A8EB00A99A38 /* StatisticsView */,
				447DBE5C2BC4A8EB00A99A38 /* TabBar */,
			);
			path = Scenes;
			sourceTree = "<group>";
		};
		447F920F2CD0161D00DDB846 /* ScheduleMainView */ = {
			isa = PBXGroup;
			children = (
				44A41B8E2D40343A008B4C43 /* ScheduleTableView */,
				44079C692CD16301006D3A3D /* SelectTaskModeView */,
				44B06E172BECF062000C3CC6 /* ScheduleTableViewCell */,
				447F92102CD0165600DDB846 /* ScheduleMainView.swift */,
				44079C6C2CD16661006D3A3D /* CalendarView */,
			);
			path = ScheduleMainView;
			sourceTree = "<group>";
		};
		449F18CB2BACC4BF00F9640D = {
			isa = PBXGroup;
			children = (
				449F18D62BACC4BF00F9640D /* Weekler */,
				449F18D52BACC4BF00F9640D /* Products */,
				AECF77C25138E21502570D4F /* Pods */,
				E9833F2DA29C99EA03CD717B /* Frameworks */,
			);
			sourceTree = "<group>";
		};
		449F18D52BACC4BF00F9640D /* Products */ = {
			isa = PBXGroup;
			children = (
				449F18D42BACC4BF00F9640D /* Weekler.app */,
			);
			name = Products;
			sourceTree = "<group>";
		};
		449F18D62BACC4BF00F9640D /* Weekler */ = {
			isa = PBXGroup;
			children = (
				441CAC722CE0DAEC00064348 /* Application */,
				4407E7CA2CD5304600CC1692 /* Core */,
				4402A1BB2CAB25AA00CCE9D8 /* Data */,
				440549E62BC5D8A700077C61 /* Resources */,
				440549E32BC5D7CF00077C61 /* Generated */,
				449F18EC2BACD08900F9640D /* Domain */,
				447DBE602BC4A8EB00A99A38 /* Scenes */,
			);
			path = Weekler;
			sourceTree = "<group>";
		};
		449F18EC2BACD08900F9640D /* Domain */ = {
			isa = PBXGroup;
			children = (
				440B2DD22CDBF06900BA728B /* DTO */,
				444006A42CC6E12A0058F601 /* UseCase */,
				444006A32CC6E1210058F601 /* Repository */,
				449F18F12BACD18C00F9640D /* Model */,
			);
			path = Domain;
			sourceTree = "<group>";
		};
		449F18ED2BACD09A00F9640D /* Helpers */ = {
			isa = PBXGroup;
			children = (
				440770FC2BBB472900AD9C98 /* Colors.swift */,
				4498EAA12C2E019E0081E7EE /* ScheduleItems.swift */,
				44727B422C486A48007756A3 /* DaysOfWeekEnum.swift */,
				44727B462C486AAC007756A3 /* ScheduleTableViewSectionItem.swift */,
				44B562F72CBEE06F0071F691 /* WeekDayShortName.swift */,
				441DECAD2CC0353A00B725B7 /* Constants.swift */,
				44AE982D2CF5058E00D685FD /* GradientLabel.swift */,
				4481DB982CF3BB7F009BBB4C /* GradientTextLabel.swift */,
			);
			path = Helpers;
			sourceTree = "<group>";
		};
		449F18EE2BACD0A800F9640D /* Services */ = {
			isa = PBXGroup;
			children = (
				44F305722D19EC5F005B32E1 /* WeeklerUIManager.swift */,
				446C85602CB85B8700077CC5 /* CoreHapticsManager.swift */,
			);
			path = Services;
			sourceTree = "<group>";
		};
		449F18F12BACD18C00F9640D /* Model */ = {
			isa = PBXGroup;
			children = (
				44D18C722C121EED00F22CED /* ScheduleTask.swift */,
				44727B3A2C486918007756A3 /* Priority.swift */,
				44727B3C2C48692E007756A3 /* Goal.swift */,
				44727B3E2C48694E007756A3 /* SourceItem.swift */,
				44727B402C486970007756A3 /* ScheduleMode.swift */,
				444DAB852C655A8F005B8ABC /* SourceItemProtocol.swift */,
			);
			path = Model;
			sourceTree = "<group>";
		};
		44A378DD2BFD2D4400E93B5F /* SelectMainModeCollectionViewCell */ = {
			isa = PBXGroup;
			children = (
				44A378DE2BFD2D7000E93B5F /* SelectMainModeCollectionViewCell.swift */,
			);
			path = SelectMainModeCollectionViewCell;
			sourceTree = "<group>";
		};
		44A41B8E2D40343A008B4C43 /* ScheduleTableView */ = {
			isa = PBXGroup;
			children = (
				44A41B8F2D40344B008B4C43 /* ScheduleTableViewController.swift */,
			);
			path = ScheduleTableView;
			sourceTree = "<group>";
		};
		44AE39A02CE28B3F00D89B23 /* StatisticsFlow */ = {
			isa = PBXGroup;
			children = (
				44AE39A12CE28B5E00D89B23 /* StatisticsFlowCoordinator.swift */,
			);
			path = StatisticsFlow;
			sourceTree = "<group>";
		};
		44AE39A32CE2907000D89B23 /* AppSettingsViewFlow */ = {
			isa = PBXGroup;
			children = (
				44AE39A42CE2908600D89B23 /* AppSettingsFlowCoordinator.swift */,
			);
			path = AppSettingsViewFlow;
			sourceTree = "<group>";
		};
		44B06E122BECEDE7000C3CC6 /* ScheduleViewViewModel */ = {
			isa = PBXGroup;
			children = (
				44B06E132BECEE0E000C3CC6 /* ScheduleViewModel.swift */,
				44B06E152BECEE3C000C3CC6 /* ScheduleViewModelProtocol.swift */,
			);
			path = ScheduleViewViewModel;
			sourceTree = "<group>";
		};
		44B06E172BECF062000C3CC6 /* ScheduleTableViewCell */ = {
			isa = PBXGroup;
			children = (
				44B06E182BECF08F000C3CC6 /* ScheduleTableViewCell.swift */,
			);
			path = ScheduleTableViewCell;
			sourceTree = "<group>";
		};
		44B562FB2CBEFF890071F691 /* Sounds */ = {
			isa = PBXGroup;
			children = (
				44B562F92CBEFEFA0071F691 /* Done.caf */,
			);
			path = Sounds;
			sourceTree = "<group>";
		};
		44BF988E2D077818008A2BA3 /* SettingsItems */ = {
			isa = PBXGroup;
			children = (
				44BF988F2D07783A008A2BA3 /* GeneralSettingsItem.swift */,
				44BF98912D077861008A2BA3 /* ApplicationSettingsItem.swift */,
				44BF98932D077878008A2BA3 /* AppSettingsItem.swift */,
				44BF98952D07789A008A2BA3 /* SettingsSection.swift */,
				44030B0C2D08CBC200A0FABF /* AppSettingsCellConfiguration.swift */,
			);
			path = SettingsItems;
			sourceTree = "<group>";
		};
		44CE3BB92C0BA2DB00719B84 /* CreateScheduleView */ = {
			isa = PBXGroup;
			children = (
				44727B482C486AE1007756A3 /* SelectRepeatedDaysView */,
				44CE3BBA2C0BA31C00719B84 /* CreateScheduleViewController.swift */,
				44DBAE562C13222400BF130E /* ScheduleItemsTableViewCell.swift */,
				449EF5A22C52DE5900FD187B /* CreateScheduleDelegate.swift */,
				4453AF8E2D3ED94E0053C2CF /* CreateScheduleView.swift */,
				4453AF902D3EDD510053C2CF /* CreateScheduleTableViewController.swift */,
			);
			path = CreateScheduleView;
			sourceTree = "<group>";
		};
		44D18C712C121D0E00F22CED /* ScheduleViewController */ = {
			isa = PBXGroup;
			children = (
				447DBE552BC4A8EB00A99A38 /* ScheduleViewController.swift */,
			);
			path = ScheduleViewController;
			sourceTree = "<group>";
		};
		44E28ED52CEE6D5E001FA0CA /* Schedule */ = {
			isa = PBXGroup;
			children = (
				442256832C6BE7B300172C0A /* ScheduleUseCase.swift */,
				4407E7CF2CD5382900CC1692 /* ScheduleUseCaseProtocol.swift */,
			);
			path = Schedule;
			sourceTree = "<group>";
		};
		44E28ED62CEE6D76001FA0CA /* Statistics */ = {
			isa = PBXGroup;
			children = (
				44E28ED72CEE6D9C001FA0CA /* StatisticsServiceProtocol.swift */,
				44E28ED92CEE6DA7001FA0CA /* StatisticsService.swift */,
			);
			path = Statistics;
			sourceTree = "<group>";
		};
		44E28EE32CEE7092001FA0CA /* Schedule */ = {
			isa = PBXGroup;
			children = (
				442256852C6BE82900172C0A /* ScheduleUseCaseAssembly.swift */,
				44F9EA2A2CDAA597009AE5FD /* ScheduleRepositoryAssembly.swift */,
				440B2DD52CDBF93100BA728B /* ScheduleDataSourceAssembly.swift */,
			);
			path = Schedule;
			sourceTree = "<group>";
		};
		44E28EE42CEE70A6001FA0CA /* Statistics */ = {
			isa = PBXGroup;
			children = (
				44E28EE12CEE6FF0001FA0CA /* StatisticsServiceAssembly.swift */,
				44E28EE52CEE70CA001FA0CA /* StatisticsRepositoryAssembly.swift */,
			);
			path = Statistics;
			sourceTree = "<group>";
		};
		44F02F4C2D41566300A1E3F2 /* Checkmark */ = {
			isa = PBXGroup;
			children = (
				44F02F4D2D4156CF00A1E3F2 /* CheckmarkView.swift */,
			);
			path = Checkmark;
			sourceTree = "<group>";
		};
		44F116902BDC382700134D5F /* DependencyInjection */ = {
			isa = PBXGroup;
			children = (
				44F116912BDC383600134D5F /* DependencyAssemblies */,
				44F116922BDC384B00134D5F /* DIContainer.swift */,
				4407E7D12CD53BC400CC1692 /* WeeklerAppDIContainer.swift */,
				4407E7D32CD5415C00CC1692 /* SceneFactoryDIContainer.swift */,
				44A88DDF2CD6646500D4A007 /* CreateSceneDIContainer.swift */,
				4442BA6F2BE4277B002DC469 /* SceneFactoryProtocol.swift */,
			);
			path = DependencyInjection;
			sourceTree = "<group>";
		};
		44F116912BDC383600134D5F /* DependencyAssemblies */ = {
			isa = PBXGroup;
			children = (
				444AC12C2CE3E0CA0032DA6F /* Assamblies */,
				4442BA662BE41F18002DC469 /* Services */,
				44F116962BDC397D00134D5F /* Scenes */,
			);
			path = DependencyAssemblies;
			sourceTree = "<group>";
		};
		44F116962BDC397D00134D5F /* Scenes */ = {
			isa = PBXGroup;
			children = (
				44030B092D08C81800A0FABF /* SettingsVIew */,
				444AC12B2CE3E0930032DA6F /* Statistics */,
				444AC12A2CE3E04A0032DA6F /* Schedule */,
			);
			path = Scenes;
			sourceTree = "<group>";
		};
		44F409132BCF0A2F0052ABE9 /* WeekCalendarCollectionViewCell */ = {
			isa = PBXGroup;
			children = (
				444B387E2BD1A7BE00141612 /* WeekCalendarCollectionViewCell.swift */,
			);
			path = WeekCalendarCollectionViewCell;
			sourceTree = "<group>";
		};
		44FB465A2C5E669F005731BC /* CreateScheduleViewModel */ = {
			isa = PBXGroup;
			children = (
				44FB465B2C5E66BD005731BC /* CreateScheduleViewModelProtocol.swift */,
				44FB465D2C5E66D4005731BC /* CreateScheduleViewModel.swift */,
			);
			path = CreateScheduleViewModel;
			sourceTree = "<group>";
		};
		44FB46612C5E72F4005731BC /* CreateSchedule */ = {
			isa = PBXGroup;
			children = (
				44FB465A2C5E669F005731BC /* CreateScheduleViewModel */,
				44CE3BB92C0BA2DB00719B84 /* CreateScheduleView */,
			);
			path = CreateSchedule;
			sourceTree = "<group>";
		};
		AECF77C25138E21502570D4F /* Pods */ = {
			isa = PBXGroup;
			children = (
				A02F1227E093D7907EC64A30 /* Pods-Weekler.debug.xcconfig */,
				6E5DD8D7ADAD4F3EB5113C57 /* Pods-Weekler.release.xcconfig */,
			);
			path = Pods;
			sourceTree = "<group>";
		};
		E9833F2DA29C99EA03CD717B /* Frameworks */ = {
			isa = PBXGroup;
			children = (
				5114AE03E2F4EA1A2414C08E /* Pods_Weekler.framework */,
			);
			name = Frameworks;
			sourceTree = "<group>";
		};
/* End PBXGroup section */

/* Begin PBXNativeTarget section */
		449F18D32BACC4BF00F9640D /* Weekler */ = {
			isa = PBXNativeTarget;
			buildConfigurationList = 449F18E82BACC4C000F9640D /* Build configuration list for PBXNativeTarget "Weekler" */;
			buildPhases = (
				7D173FB83DB4B3A656A97B1E /* [CP] Check Pods Manifest.lock */,
				449F18D02BACC4BF00F9640D /* Sources */,
				449F18D12BACC4BF00F9640D /* Frameworks */,
				449F18D22BACC4BF00F9640D /* Resources */,
				F13DF9915828D3BA2F80DBD6 /* [CP] Embed Pods Frameworks */,
			);
			buildRules = (
			);
			dependencies = (
			);
			name = Weekler;
			productName = Weekler;
			productReference = 449F18D42BACC4BF00F9640D /* Weekler.app */;
			productType = "com.apple.product-type.application";
		};
/* End PBXNativeTarget section */

/* Begin PBXProject section */
		449F18CC2BACC4BF00F9640D /* Project object */ = {
			isa = PBXProject;
			attributes = {
				BuildIndependentTargetsInParallel = 1;
				LastSwiftUpdateCheck = 1500;
				LastUpgradeCheck = 1500;
				TargetAttributes = {
					449F18D32BACC4BF00F9640D = {
						CreatedOnToolsVersion = 15.0;
					};
				};
			};
			buildConfigurationList = 449F18CF2BACC4BF00F9640D /* Build configuration list for PBXProject "Weekler" */;
			compatibilityVersion = "Xcode 14.0";
			developmentRegion = en;
			hasScannedForEncodings = 0;
			knownRegions = (
				en,
				Base,
				ru,
			);
			mainGroup = 449F18CB2BACC4BF00F9640D;
			productRefGroup = 449F18D52BACC4BF00F9640D /* Products */;
			projectDirPath = "";
			projectRoot = "";
			targets = (
				449F18D32BACC4BF00F9640D /* Weekler */,
			);
		};
/* End PBXProject section */

/* Begin PBXResourcesBuildPhase section */
		449F18D22BACC4BF00F9640D /* Resources */ = {
			isa = PBXResourcesBuildPhase;
			buildActionMask = 2147483647;
			files = (
				449F18E42BACC4C000F9640D /* LaunchScreen.storyboard in Resources */,
				440549EE2BC5DDBA00077C61 /* Localizable.strings in Resources */,
				44B562FA2CBEFEFA0071F691 /* Done.caf in Resources */,
				449F18E12BACC4C000F9640D /* Assets.xcassets in Resources */,
			);
			runOnlyForDeploymentPostprocessing = 0;
		};
/* End PBXResourcesBuildPhase section */

/* Begin PBXShellScriptBuildPhase section */
		7D173FB83DB4B3A656A97B1E /* [CP] Check Pods Manifest.lock */ = {
			isa = PBXShellScriptBuildPhase;
			buildActionMask = 2147483647;
			files = (
			);
			inputFileListPaths = (
			);
			inputPaths = (
				"${PODS_PODFILE_DIR_PATH}/Podfile.lock",
				"${PODS_ROOT}/Manifest.lock",
			);
			name = "[CP] Check Pods Manifest.lock";
			outputFileListPaths = (
			);
			outputPaths = (
				"$(DERIVED_FILE_DIR)/Pods-Weekler-checkManifestLockResult.txt",
			);
			runOnlyForDeploymentPostprocessing = 0;
			shellPath = /bin/sh;
			shellScript = "diff \"${PODS_PODFILE_DIR_PATH}/Podfile.lock\" \"${PODS_ROOT}/Manifest.lock\" > /dev/null\nif [ $? != 0 ] ; then\n    # print error to STDERR\n    echo \"error: The sandbox is not in sync with the Podfile.lock. Run 'pod install' or update your CocoaPods installation.\" >&2\n    exit 1\nfi\n# This output is used by Xcode 'outputs' to avoid re-running this script phase.\necho \"SUCCESS\" > \"${SCRIPT_OUTPUT_FILE_0}\"\n";
			showEnvVarsInLog = 0;
		};
		F13DF9915828D3BA2F80DBD6 /* [CP] Embed Pods Frameworks */ = {
			isa = PBXShellScriptBuildPhase;
			buildActionMask = 2147483647;
			files = (
			);
			inputFileListPaths = (
				"${PODS_ROOT}/Target Support Files/Pods-Weekler/Pods-Weekler-frameworks-${CONFIGURATION}-input-files.xcfilelist",
			);
			name = "[CP] Embed Pods Frameworks";
			outputFileListPaths = (
				"${PODS_ROOT}/Target Support Files/Pods-Weekler/Pods-Weekler-frameworks-${CONFIGURATION}-output-files.xcfilelist",
			);
			runOnlyForDeploymentPostprocessing = 0;
			shellPath = /bin/sh;
			shellScript = "\"${PODS_ROOT}/Target Support Files/Pods-Weekler/Pods-Weekler-frameworks.sh\"\n";
			showEnvVarsInLog = 0;
		};
/* End PBXShellScriptBuildPhase section */

/* Begin PBXSourcesBuildPhase section */
		449F18D02BACC4BF00F9640D /* Sources */ = {
			isa = PBXSourcesBuildPhase;
			buildActionMask = 2147483647;
			files = (
				44B562F82CBEE06F0071F691 /* WeekDayShortName.swift in Sources */,
				4407E7CC2CD5317800CC1692 /* ScheduleRepositoryProtocol.swift in Sources */,
				440B2DD62CDBF93100BA728B /* ScheduleDataSourceAssembly.swift in Sources */,
				4418D5D62D0B7586003664E6 /* AboutViewController.swift in Sources */,
				4418D5D42D0B7564003664E6 /* HelpViewController.swift in Sources */,
				44CE3BBD2C0BA38500719B84 /* CreateScheduleViewAssembly.swift in Sources */,
				44E28EE62CEE70CA001FA0CA /* StatisticsRepositoryAssembly.swift in Sources */,
				4407C0BA2D31B5C700780990 /* AppearanceViewModelAssembly.swift in Sources */,
				44079C6B2CD163BA006D3A3D /* SelectTaskModeView.swift in Sources */,
				44FB46602C5E6959005731BC /* CreateScheduleViewModelAssembly.swift in Sources */,
				44727B472C486AAC007756A3 /* ScheduleTableViewSectionItem.swift in Sources */,
				447DBE622BC4A8EB00A99A38 /* ScheduleViewController.swift in Sources */,
				4407E7D02CD5382900CC1692 /* ScheduleUseCaseProtocol.swift in Sources */,
				44727B4A2C486B29007756A3 /* SelectRepeatedDaysViewController.swift in Sources */,
				44F1169A2BDC3A3200134D5F /* TabBarAssembly.swift in Sources */,
				442256842C6BE7B300172C0A /* ScheduleUseCase.swift in Sources */,
				44727B4C2C486B7B007756A3 /* DaysOfWeekTableViewCell.swift in Sources */,
				444045DD2CFF8D0600559126 /* AppSettingsMainView.swift in Sources */,
				444AC1262CE3D63A0032DA6F /* StatisticsView.swift in Sources */,
				440B2DD12CDBEF5700BA728B /* ScheduleDataSourceProtocol.swift in Sources */,
				4498EAA22C2E019E0081E7EE /* ScheduleItems.swift in Sources */,
				44B06E142BECEE0E000C3CC6 /* ScheduleViewModel.swift in Sources */,
				441CAC772CE0E1F300064348 /* ScheduleFlowCoordinator.swift in Sources */,
				442256862C6BE82900172C0A /* ScheduleUseCaseAssembly.swift in Sources */,
				4418D5D22D0B7544003664E6 /* DateSettingsViewController.swift in Sources */,
				440549E52BC5D7E400077C61 /* Strings.swift in Sources */,
				44030B0F2D08D61900A0FABF /* AppSettingsViewModelProtocol.swift in Sources */,
				4418D5DA2D0B77B5003664E6 /* NotificationSettingsViewAssembly.swift in Sources */,
				4418D5DC2D0B77FA003664E6 /* AppearanceSettingsViewAssembly.swift in Sources */,
				444045E12CFF8DFE00559126 /* ProfileView.swift in Sources */,
				4418D5CE2D0B74F0003664E6 /* NotificationSettingsViewController.swift in Sources */,
				44F9EA2B2CDAA597009AE5FD /* ScheduleRepositoryAssembly.swift in Sources */,
				44727B392C486895007756A3 /* ScheduleViewModelAssembly.swift in Sources */,
				446C85612CB85B8700077CC5 /* CoreHapticsManager.swift in Sources */,
				446778932D12167B00B5DEA3 /* ThemeCollectionViewCell.swift in Sources */,
				44727B3F2C48694E007756A3 /* SourceItem.swift in Sources */,
				4418D5CC2D0B7487003664E6 /* GeneralSettingsViewController.swift in Sources */,
				4418D5E02D0B7845003664E6 /* HelpViewAssembly.swift in Sources */,
				44AE39A52CE2908600D89B23 /* AppSettingsFlowCoordinator.swift in Sources */,
				4442BA702BE4277B002DC469 /* SceneFactoryProtocol.swift in Sources */,
				4442BA6E2BE425F0002DC469 /* AppSettingsVCAssembly.swift in Sources */,
				444AC12E2CE3E0E60032DA6F /* ServiceAssembly.swift in Sources */,
				444045E82CFF8F7B00559126 /* AppSettingsViewModel.swift in Sources */,
				446778952D1216CC00B5DEA3 /* DarkModeCollectionViewCell.swift in Sources */,
				444DAB862C655A8F005B8ABC /* SourceItemProtocol.swift in Sources */,
				446778892D1204FB00B5DEA3 /* AppearanceViewModel.swift in Sources */,
				441CAC742CE0DB7F00064348 /* WeeklerAppCoordinator.swift in Sources */,
				4418D5E22D0B7870003664E6 /* AboutViewAssembly.swift in Sources */,
				44F305732D19EC5F005B32E1 /* WeeklerUIManager.swift in Sources */,
				444045E62CFF8EAD00559126 /* AppSettingsCollectionCell.swift in Sources */,
				44030B0D2D08CBC200A0FABF /* AppSettingsCellConfiguration.swift in Sources */,
				4453AF912D3EDD510053C2CF /* CreateScheduleTableViewController.swift in Sources */,
				44E28EE22CEE6FF0001FA0CA /* StatisticsServiceAssembly.swift in Sources */,
				4407E7D42CD5415C00CC1692 /* SceneFactoryDIContainer.swift in Sources */,
				4402A1C02CAB292100CCE9D8 /* ScheduleDataSource.swift in Sources */,
				4442BA6A2BE4243D002DC469 /* StatisticsAssembly.swift in Sources */,
				44BF98922D077861008A2BA3 /* ApplicationSettingsItem.swift in Sources */,
				44CE3BBB2C0BA31C00719B84 /* CreateScheduleViewController.swift in Sources */,
				4407E7D22CD53BC400CC1692 /* WeeklerAppDIContainer.swift in Sources */,
				44BF98902D07783A008A2BA3 /* GeneralSettingsItem.swift in Sources */,
				44727B3B2C486918007756A3 /* Priority.swift in Sources */,
				44CD57A52D13611700EF84F7 /* RoundedBackgroundView.swift in Sources */,
				44DD0F272D38475200BA975D /* DateComponents+Extension.swift in Sources */,
				44FB465E2C5E66D4005731BC /* CreateScheduleViewModel.swift in Sources */,
				440B2DD42CDBF07400BA728B /* TaskToEdit.swift in Sources */,
				44D18C732C121EED00F22CED /* ScheduleTask.swift in Sources */,
				44A88DE22CD669B300D4A007 /* CreateScheduleSceneContainerAssembly.swift in Sources */,
				44F02F4E2D4156CF00A1E3F2 /* CheckmarkView.swift in Sources */,
				44FB465C2C5E66BD005731BC /* CreateScheduleViewModelProtocol.swift in Sources */,
				44E28EE02CEE6F55001FA0CA /* StatisticsDataSourceProtocol.swift in Sources */,
				44727B452C486A68007756A3 /* UITableView+Extension.swift in Sources */,
				440770FD2BBB472900AD9C98 /* Colors.swift in Sources */,
				443A7BE22D418BA200455C2F /* CalendarView_old.swift in Sources */,
				440CF1F72C73CAE600FEFDE0 /* Date+extension.swift in Sources */,
				445F823F2D1B400100F001DE /* UIColor+Extension.swift in Sources */,
				44E28EDC2CEE6E88001FA0CA /* StatisticsRepositoryProtocol.swift in Sources */,
				44BF98962D07789A008A2BA3 /* SettingsSection.swift in Sources */,
				44F116932BDC384B00134D5F /* DIContainer.swift in Sources */,
				4415A1E72CEFBD390065B142 /* Calendar+extension.swift in Sources */,
				44DBD2AF2C8ED287006AE2F1 /* CompletedTask.swift in Sources */,
				44727B432C486A48007756A3 /* DaysOfWeekEnum.swift in Sources */,
				44E28EDE2CEE6ED2001FA0CA /* StatisticsRepository.swift in Sources */,
				44030B0B2D08C9D600A0FABF /* AppSettingsViewModelAssembly.swift in Sources */,
				4442BA682BE41F38002DC469 /* SceneFactoryAssembly.swift in Sources */,
				4481DB992CF3BB7F009BBB4C /* GradientTextLabel.swift in Sources */,
				44079C6E2CD169C5006D3A3D /* CalendarView.swift in Sources */,
				445F823B2D1B370F00F001DE /* ThemeSection.swift in Sources */,
				449F18D82BACC4BF00F9640D /* AppDelegate.swift in Sources */,
				4412BFB72D36EEBF000E931F /* ScheduleDate.swift in Sources */,
				44A88DE02CD6646500D4A007 /* CreateSceneDIContainer.swift in Sources */,
				4453AF8F2D3ED94E0053C2CF /* CreateScheduleView.swift in Sources */,
				44BF98942D077878008A2BA3 /* AppSettingsItem.swift in Sources */,
				446778872D1204D000B5DEA3 /* AppearanceSettingsView.swift in Sources */,
				4467788B2D12113A00B5DEA3 /* ThemeCollectionViewController.swift in Sources */,
				44F116982BDC398E00134D5F /* ScheduleAssembly.swift in Sources */,
				44727B412C486970007756A3 /* ScheduleMode.swift in Sources */,
				442256822C6BE61500172C0A /* TaskItem.swift in Sources */,
				44B06E192BECF08F000C3CC6 /* ScheduleTableViewCell.swift in Sources */,
				4418D5D82D0B7707003664E6 /* GeneralSettingsViewAssembly.swift in Sources */,
				4407C0B82D31A85E00780990 /* ConfirmButton.swift in Sources */,
				44AE39A22CE28B5E00D89B23 /* StatisticsFlowCoordinator.swift in Sources */,
				44B06E162BECEE3C000C3CC6 /* ScheduleViewModelProtocol.swift in Sources */,
				447DBE632BC4A8EB00A99A38 /* StatisticsViewController.swift in Sources */,
				44C7148D2BD8465300C67B20 /* DaysOfWeek+Extension.swift in Sources */,
				44A378DF2BFD2D7000E93B5F /* SelectMainModeCollectionViewCell.swift in Sources */,
				444045E42CFF8E2E00559126 /* AppSettingsCollectionViewController.swift in Sources */,
				444AC1302CE3E21A0032DA6F /* StatisticsViewModelAssembly.swift in Sources */,
				449EF5A32C52DE5900FD187B /* CreateScheduleDelegate.swift in Sources */,
				444AC1292CE3DEA20032DA6F /* StatisticsViewModel.swift in Sources */,
				4418D5DE2D0B781D003664E6 /* DateSettingsViewAssembly.swift in Sources */,
				44AE982E2CF5058E00D685FD /* GradientLabel.swift in Sources */,
				441DECAE2CC0353A00B725B7 /* Constants.swift in Sources */,
				44F9EA2D2CDAB1A1009AE5FD /* ScheduleRepository.swift in Sources */,
				447DBE642BC4A8EB00A99A38 /* TabBarController.swift in Sources */,
				44A41B902D40344B008B4C43 /* ScheduleTableViewController.swift in Sources */,
				44F116952BDC394A00134D5F /* SceneAssembly.swift in Sources */,
				4441EC772CE5303800AFB022 /* ChartView.swift in Sources */,
				447DBE612BC4A8EB00A99A38 /* AppSettingsViewController.swift in Sources */,
				44474BA72CF7A28500B03957 /* StatisticsViewModelProtocol.swift in Sources */,
				44727B3D2C48692E007756A3 /* Goal.swift in Sources */,
				44E28EDA2CEE6DA7001FA0CA /* StatisticsService.swift in Sources */,
				444B387F2BD1A7BE00141612 /* WeekCalendarCollectionViewCell.swift in Sources */,
				44DBAE572C13222400BF130E /* ScheduleItemsTableViewCell.swift in Sources */,
				44AE39A82CE2954500D89B23 /* CoreHapticsManagerAssembly.swift in Sources */,
				44E28ED82CEE6D9C001FA0CA /* StatisticsServiceProtocol.swift in Sources */,
				445F823D2D1B372B00F001DE /* ThemeCellType.swift in Sources */,
				449F18DA2BACC4BF00F9640D /* SceneDelegate.swift in Sources */,
				447F92112CD0165600DDB846 /* ScheduleMainView.swift in Sources */,
				442256882C6BEB4400172C0A /* ScheduleDataBaseType.swift in Sources */,
				4418D5D02D0B7512003664E6 /* AppearanceSettingsViewController.swift in Sources */,
			);
			runOnlyForDeploymentPostprocessing = 0;
		};
/* End PBXSourcesBuildPhase section */

/* Begin PBXVariantGroup section */
		440549EC2BC5DDBA00077C61 /* Localizable.strings */ = {
			isa = PBXVariantGroup;
			children = (
				440549ED2BC5DDBA00077C61 /* en */,
				440549EF2BC5DDF200077C61 /* ru */,
			);
			name = Localizable.strings;
			sourceTree = "<group>";
		};
		449F18E22BACC4C000F9640D /* LaunchScreen.storyboard */ = {
			isa = PBXVariantGroup;
			children = (
				449F18E32BACC4C000F9640D /* Base */,
			);
			name = LaunchScreen.storyboard;
			sourceTree = "<group>";
		};
/* End PBXVariantGroup section */

/* Begin XCBuildConfiguration section */
		449F18E62BACC4C000F9640D /* Debug */ = {
			isa = XCBuildConfiguration;
			buildSettings = {
				ALWAYS_SEARCH_USER_PATHS = NO;
				ASSETCATALOG_COMPILER_GENERATE_SWIFT_ASSET_SYMBOL_EXTENSIONS = YES;
				CLANG_ANALYZER_LOCALIZABILITY_NONLOCALIZED = YES;
				CLANG_ANALYZER_NONNULL = YES;
				CLANG_ANALYZER_NUMBER_OBJECT_CONVERSION = YES_AGGRESSIVE;
				CLANG_CXX_LANGUAGE_STANDARD = "gnu++20";
				CLANG_ENABLE_MODULES = YES;
				CLANG_ENABLE_OBJC_ARC = YES;
				CLANG_ENABLE_OBJC_WEAK = YES;
				CLANG_WARN_BLOCK_CAPTURE_AUTORELEASING = YES;
				CLANG_WARN_BOOL_CONVERSION = YES;
				CLANG_WARN_COMMA = YES;
				CLANG_WARN_CONSTANT_CONVERSION = YES;
				CLANG_WARN_DEPRECATED_OBJC_IMPLEMENTATIONS = YES;
				CLANG_WARN_DIRECT_OBJC_ISA_USAGE = YES_ERROR;
				CLANG_WARN_DOCUMENTATION_COMMENTS = YES;
				CLANG_WARN_EMPTY_BODY = YES;
				CLANG_WARN_ENUM_CONVERSION = YES;
				CLANG_WARN_INFINITE_RECURSION = YES;
				CLANG_WARN_INT_CONVERSION = YES;
				CLANG_WARN_NON_LITERAL_NULL_CONVERSION = YES;
				CLANG_WARN_OBJC_IMPLICIT_RETAIN_SELF = YES;
				CLANG_WARN_OBJC_LITERAL_CONVERSION = YES;
				CLANG_WARN_OBJC_ROOT_CLASS = YES_ERROR;
				CLANG_WARN_QUOTED_INCLUDE_IN_FRAMEWORK_HEADER = NO;
				CLANG_WARN_RANGE_LOOP_ANALYSIS = YES;
				CLANG_WARN_STRICT_PROTOTYPES = YES;
				CLANG_WARN_SUSPICIOUS_MOVE = YES;
				CLANG_WARN_UNGUARDED_AVAILABILITY = YES_AGGRESSIVE;
				CLANG_WARN_UNREACHABLE_CODE = YES;
				CLANG_WARN__DUPLICATE_METHOD_MATCH = YES;
				COPY_PHASE_STRIP = NO;
				DEBUG_INFORMATION_FORMAT = dwarf;
				ENABLE_STRICT_OBJC_MSGSEND = YES;
				ENABLE_TESTABILITY = YES;
				ENABLE_USER_SCRIPT_SANDBOXING = NO;
				GCC_C_LANGUAGE_STANDARD = gnu17;
				GCC_DYNAMIC_NO_PIC = NO;
				GCC_NO_COMMON_BLOCKS = YES;
				GCC_OPTIMIZATION_LEVEL = 0;
				GCC_PREPROCESSOR_DEFINITIONS = (
					"DEBUG=1",
					"$(inherited)",
				);
				GCC_WARN_64_TO_32_BIT_CONVERSION = YES;
				GCC_WARN_ABOUT_RETURN_TYPE = YES_ERROR;
				GCC_WARN_UNDECLARED_SELECTOR = YES;
				GCC_WARN_UNINITIALIZED_AUTOS = YES_AGGRESSIVE;
				GCC_WARN_UNUSED_FUNCTION = YES;
				GCC_WARN_UNUSED_VARIABLE = YES;
				IPHONEOS_DEPLOYMENT_TARGET = 16.0;
				LOCALIZATION_PREFERS_STRING_CATALOGS = YES;
				MTL_ENABLE_DEBUG_INFO = INCLUDE_SOURCE;
				MTL_FAST_MATH = YES;
				ONLY_ACTIVE_ARCH = YES;
				SDKROOT = iphoneos;
				SWIFT_ACTIVE_COMPILATION_CONDITIONS = "DEBUG $(inherited)";
				SWIFT_OPTIMIZATION_LEVEL = "-Onone";
			};
			name = Debug;
		};
		449F18E72BACC4C000F9640D /* Release */ = {
			isa = XCBuildConfiguration;
			buildSettings = {
				ALWAYS_SEARCH_USER_PATHS = NO;
				ASSETCATALOG_COMPILER_GENERATE_SWIFT_ASSET_SYMBOL_EXTENSIONS = YES;
				CLANG_ANALYZER_LOCALIZABILITY_NONLOCALIZED = YES;
				CLANG_ANALYZER_NONNULL = YES;
				CLANG_ANALYZER_NUMBER_OBJECT_CONVERSION = YES_AGGRESSIVE;
				CLANG_CXX_LANGUAGE_STANDARD = "gnu++20";
				CLANG_ENABLE_MODULES = YES;
				CLANG_ENABLE_OBJC_ARC = YES;
				CLANG_ENABLE_OBJC_WEAK = YES;
				CLANG_WARN_BLOCK_CAPTURE_AUTORELEASING = YES;
				CLANG_WARN_BOOL_CONVERSION = YES;
				CLANG_WARN_COMMA = YES;
				CLANG_WARN_CONSTANT_CONVERSION = YES;
				CLANG_WARN_DEPRECATED_OBJC_IMPLEMENTATIONS = YES;
				CLANG_WARN_DIRECT_OBJC_ISA_USAGE = YES_ERROR;
				CLANG_WARN_DOCUMENTATION_COMMENTS = YES;
				CLANG_WARN_EMPTY_BODY = YES;
				CLANG_WARN_ENUM_CONVERSION = YES;
				CLANG_WARN_INFINITE_RECURSION = YES;
				CLANG_WARN_INT_CONVERSION = YES;
				CLANG_WARN_NON_LITERAL_NULL_CONVERSION = YES;
				CLANG_WARN_OBJC_IMPLICIT_RETAIN_SELF = YES;
				CLANG_WARN_OBJC_LITERAL_CONVERSION = YES;
				CLANG_WARN_OBJC_ROOT_CLASS = YES_ERROR;
				CLANG_WARN_QUOTED_INCLUDE_IN_FRAMEWORK_HEADER = NO;
				CLANG_WARN_RANGE_LOOP_ANALYSIS = YES;
				CLANG_WARN_STRICT_PROTOTYPES = YES;
				CLANG_WARN_SUSPICIOUS_MOVE = YES;
				CLANG_WARN_UNGUARDED_AVAILABILITY = YES_AGGRESSIVE;
				CLANG_WARN_UNREACHABLE_CODE = YES;
				CLANG_WARN__DUPLICATE_METHOD_MATCH = YES;
				COPY_PHASE_STRIP = NO;
				DEBUG_INFORMATION_FORMAT = "dwarf-with-dsym";
				ENABLE_NS_ASSERTIONS = NO;
				ENABLE_STRICT_OBJC_MSGSEND = YES;
				ENABLE_USER_SCRIPT_SANDBOXING = NO;
				GCC_C_LANGUAGE_STANDARD = gnu17;
				GCC_NO_COMMON_BLOCKS = YES;
				GCC_WARN_64_TO_32_BIT_CONVERSION = YES;
				GCC_WARN_ABOUT_RETURN_TYPE = YES_ERROR;
				GCC_WARN_UNDECLARED_SELECTOR = YES;
				GCC_WARN_UNINITIALIZED_AUTOS = YES_AGGRESSIVE;
				GCC_WARN_UNUSED_FUNCTION = YES;
				GCC_WARN_UNUSED_VARIABLE = YES;
				IPHONEOS_DEPLOYMENT_TARGET = 16.0;
				LOCALIZATION_PREFERS_STRING_CATALOGS = YES;
				MTL_ENABLE_DEBUG_INFO = NO;
				MTL_FAST_MATH = YES;
				SDKROOT = iphoneos;
				SWIFT_COMPILATION_MODE = wholemodule;
				VALIDATE_PRODUCT = YES;
			};
			name = Release;
		};
		449F18E92BACC4C000F9640D /* Debug */ = {
			isa = XCBuildConfiguration;
			baseConfigurationReference = A02F1227E093D7907EC64A30 /* Pods-Weekler.debug.xcconfig */;
			buildSettings = {
				ASSETCATALOG_COMPILER_APPICON_NAME = AppIcon;
				ASSETCATALOG_COMPILER_GLOBAL_ACCENT_COLOR_NAME = AccentColor;
				CODE_SIGN_STYLE = Automatic;
				CURRENT_PROJECT_VERSION = 1;
				DEVELOPMENT_TEAM = NU9QMJ4324;
				GENERATE_INFOPLIST_FILE = YES;
				INFOPLIST_FILE = Weekler/Application/Info.plist;
				INFOPLIST_KEY_LSApplicationCategoryType = "public.app-category.productivity";
				INFOPLIST_KEY_UIApplicationSupportsIndirectInputEvents = YES;
				INFOPLIST_KEY_UILaunchStoryboardName = LaunchScreen;
				INFOPLIST_KEY_UISupportedInterfaceOrientations_iPad = "UIInterfaceOrientationPortrait UIInterfaceOrientationPortraitUpsideDown UIInterfaceOrientationLandscapeLeft UIInterfaceOrientationLandscapeRight";
				INFOPLIST_KEY_UISupportedInterfaceOrientations_iPhone = "UIInterfaceOrientationPortrait UIInterfaceOrientationLandscapeLeft UIInterfaceOrientationLandscapeRight";
				IPHONEOS_DEPLOYMENT_TARGET = 17.0;
				LD_RUNPATH_SEARCH_PATHS = (
					"$(inherited)",
					"@executable_path/Frameworks",
				);
				MARKETING_VERSION = 1.0;
				PRODUCT_BUNDLE_IDENTIFIER = ru.eugene.kolesnikov.Weekler;
				PRODUCT_NAME = "$(TARGET_NAME)";
				SWIFT_EMIT_LOC_STRINGS = YES;
				SWIFT_VERSION = 5.0;
				TARGETED_DEVICE_FAMILY = "1,2";
			};
			name = Debug;
		};
		449F18EA2BACC4C000F9640D /* Release */ = {
			isa = XCBuildConfiguration;
			baseConfigurationReference = 6E5DD8D7ADAD4F3EB5113C57 /* Pods-Weekler.release.xcconfig */;
			buildSettings = {
				ASSETCATALOG_COMPILER_APPICON_NAME = AppIcon;
				ASSETCATALOG_COMPILER_GLOBAL_ACCENT_COLOR_NAME = AccentColor;
				CODE_SIGN_STYLE = Automatic;
				CURRENT_PROJECT_VERSION = 1;
				DEVELOPMENT_TEAM = NU9QMJ4324;
				GENERATE_INFOPLIST_FILE = YES;
				INFOPLIST_FILE = Weekler/Application/Info.plist;
				INFOPLIST_KEY_LSApplicationCategoryType = "public.app-category.productivity";
				INFOPLIST_KEY_UIApplicationSupportsIndirectInputEvents = YES;
				INFOPLIST_KEY_UILaunchStoryboardName = LaunchScreen;
				INFOPLIST_KEY_UISupportedInterfaceOrientations_iPad = "UIInterfaceOrientationPortrait UIInterfaceOrientationPortraitUpsideDown UIInterfaceOrientationLandscapeLeft UIInterfaceOrientationLandscapeRight";
				INFOPLIST_KEY_UISupportedInterfaceOrientations_iPhone = "UIInterfaceOrientationPortrait UIInterfaceOrientationLandscapeLeft UIInterfaceOrientationLandscapeRight";
				IPHONEOS_DEPLOYMENT_TARGET = 17.0;
				LD_RUNPATH_SEARCH_PATHS = (
					"$(inherited)",
					"@executable_path/Frameworks",
				);
				MARKETING_VERSION = 1.0;
				PRODUCT_BUNDLE_IDENTIFIER = ru.eugene.kolesnikov.Weekler;
				PRODUCT_NAME = "$(TARGET_NAME)";
				SWIFT_EMIT_LOC_STRINGS = YES;
				SWIFT_VERSION = 5.0;
				TARGETED_DEVICE_FAMILY = "1,2";
			};
			name = Release;
		};
/* End XCBuildConfiguration section */

/* Begin XCConfigurationList section */
		449F18CF2BACC4BF00F9640D /* Build configuration list for PBXProject "Weekler" */ = {
			isa = XCConfigurationList;
			buildConfigurations = (
				449F18E62BACC4C000F9640D /* Debug */,
				449F18E72BACC4C000F9640D /* Release */,
			);
			defaultConfigurationIsVisible = 0;
			defaultConfigurationName = Release;
		};
		449F18E82BACC4C000F9640D /* Build configuration list for PBXNativeTarget "Weekler" */ = {
			isa = XCConfigurationList;
			buildConfigurations = (
				449F18E92BACC4C000F9640D /* Debug */,
				449F18EA2BACC4C000F9640D /* Release */,
			);
			defaultConfigurationIsVisible = 0;
			defaultConfigurationName = Release;
		};
/* End XCConfigurationList section */
	};
	rootObject = 449F18CC2BACC4BF00F9640D /* Project object */;
}
